
Microsoft Visual Studio Solution File, Format Version 11.00
# Visual Studio 2010
Project("{FAE04EC0-301F-11D3-BF4B-00C04F79EFBC}") = "DialogSampleApp", "DialogSampleApp\DialogSampleApp.csproj", "{62BAEFFF-BBF1-4BFC-BFCB-79BD60184A54}"
EndProject
Project("{FAE04EC0-301F-11D3-BF4B-00C04F79EFBC}") = "Android.Dialog", "Android.Dialog\Android.Dialog.csproj", "{33044C7B-47A4-4113-A61A-EB429407F818}"
EndProject
Global
	GlobalSection(SolutionConfigurationPlatforms) = preSolution
		Debug|Any CPU = Debug|Any CPU
		Release|Any CPU = Release|Any CPU
	EndGlobalSection
	GlobalSection(ProjectConfigurationPlatforms) = postSolution
		{62BAEFFF-BBF1-4BFC-BFCB-79BD60184A54}.Debug|Any CPU.ActiveCfg = Debug|Any CPU
		{62BAEFFF-BBF1-4BFC-BFCB-79BD60184A54}.Debug|Any CPU.Build.0 = Debug|Any CPU
		{62BAEFFF-BBF1-4BFC-BFCB-79BD60184A54}.Debug|Any CPU.Deploy.0 = Debug|Any CPU
		{62BAEFFF-BBF1-4BFC-BFCB-79BD60184A54}.Release|Any CPU.ActiveCfg = Release|Any CPU
		{62BAEFFF-BBF1-4BFC-BFCB-79BD60184A54}.Release|Any CPU.Build.0 = Release|Any CPU
		{62BAEFFF-BBF1-4BFC-BFCB-79BD60184A54}.Release|Any CPU.Deploy.0 = Release|Any CPU
		{33044C7B-47A4-4113-A61A-EB429407F818}.Debug|Any CPU.ActiveCfg = Debug|Any CPU
		{33044C7B-47A4-4113-A61A-EB429407F818}.Debug|Any CPU.Build.0 = Debug|Any CPU
		{33044C7B-47A4-4113-A61A-EB429407F818}.Release|Any CPU.ActiveCfg = Release|Any CPU
		{33044C7B-47A4-4113-A61A-EB429407F818}.Release|Any CPU.Build.0 = Release|Any CPU
	EndGlobalSection
	GlobalSection(SolutionProperties) = preSolution
		HideSolutionNode = FALSE
	EndGlobalSection
	GlobalSection(MonoDevelopProperties) = preSolution
		StartupItem = DialogSampleApp\DialogSampleApp.csproj
	EndGlobalSection
EndGlobal
