
Microsoft Visual Studio Solution File, Format Version 11.00
# Visual Studio 2010
Project("{FAE04EC0-301F-11D3-BF4B-00C04F79EFBC}") = "WebHybrid.Touch", "WebHybrid.Touch.csproj", "{8D63C3DE-5E49-49AC-B595-7F5547A0CAD4}"
EndProject
Project("{2150E333-8FDC-42A3-9474-1A3956D46DE8}") = "Framework", "Framework", "{D1EB636A-DAC6-47D3-8B44-7DAF5460DC08}"
EndProject
Project("{FAE04EC0-301F-11D3-BF4B-00C04F79EFBC}") = "MonoCross.Navigation.MT", "..\..\MonoCross.Navigation\MonoCross.Navigation.MT.csproj", "{0C3337B2-0B8A-4C0B-8330-3B81F5B96B9B}"
EndProject
Project("{FAE04EC0-301F-11D3-BF4B-00C04F79EFBC}") = "MonoCross.Touch", "..\..\MonoCross.Touch\MonoCross.Touch.csproj", "{4F743690-64BD-4B1F-BD75-872C910A94E2}"
EndProject
Project("{FAE04EC0-301F-11D3-BF4B-00C04F79EFBC}") = "MonoTouch.Dialog", "..\..\MonoTouch.Dialog\MonoTouch.Dialog.csproj", "{3FFBFFF8-5560-4EDE-82E5-3FFDFBBA8A50}"
EndProject
Project("{FAE04EC0-301F-11D3-BF4B-00C04F79EFBC}") = "MonoTouch.NinePatch", "..\..\MonoTouch.NinePatch\MonoTouch.NinePatch.csproj", "{47B205F6-5FDC-44B6-897D-4DE19422FC73}"
EndProject
Global
	GlobalSection(SolutionConfigurationPlatforms) = preSolution
		Debug|iPhoneSimulator = Debug|iPhoneSimulator
		Release|iPhoneSimulator = Release|iPhoneSimulator
		Debug|iPhone = Debug|iPhone
		Release|iPhone = Release|iPhone
		AdHoc|iPhoneSimulator = AdHoc|iPhoneSimulator
		AppStore|iPhoneSimulator = AppStore|iPhoneSimulator
		AdHoc|iPhone = AdHoc|iPhone
		AppStore|iPhone = AppStore|iPhone
	EndGlobalSection
	GlobalSection(ProjectConfigurationPlatforms) = postSolution
		{0C3337B2-0B8A-4C0B-8330-3B81F5B96B9B}.Debug|iPhone.ActiveCfg = Debug|iPhone
		{0C3337B2-0B8A-4C0B-8330-3B81F5B96B9B}.Debug|iPhone.Build.0 = Debug|iPhone
		{0C3337B2-0B8A-4C0B-8330-3B81F5B96B9B}.Debug|iPhoneSimulator.ActiveCfg = Debug|iPhoneSimulator
		{0C3337B2-0B8A-4C0B-8330-3B81F5B96B9B}.Debug|iPhoneSimulator.Build.0 = Debug|iPhoneSimulator
		{0C3337B2-0B8A-4C0B-8330-3B81F5B96B9B}.Release|iPhone.ActiveCfg = Release|iPhone
		{0C3337B2-0B8A-4C0B-8330-3B81F5B96B9B}.Release|iPhone.Build.0 = Release|iPhone
		{0C3337B2-0B8A-4C0B-8330-3B81F5B96B9B}.Release|iPhoneSimulator.ActiveCfg = Release|iPhoneSimulator
		{0C3337B2-0B8A-4C0B-8330-3B81F5B96B9B}.Release|iPhoneSimulator.Build.0 = Release|iPhoneSimulator
		{3FFBFFF8-5560-4EDE-82E5-3FFDFBBA8A50}.AdHoc|iPhone.ActiveCfg = AdHoc|iPhone
		{3FFBFFF8-5560-4EDE-82E5-3FFDFBBA8A50}.AdHoc|iPhone.Build.0 = AdHoc|iPhone
		{3FFBFFF8-5560-4EDE-82E5-3FFDFBBA8A50}.AdHoc|iPhoneSimulator.ActiveCfg = AdHoc|iPhoneSimulator
		{3FFBFFF8-5560-4EDE-82E5-3FFDFBBA8A50}.AdHoc|iPhoneSimulator.Build.0 = AdHoc|iPhoneSimulator
		{3FFBFFF8-5560-4EDE-82E5-3FFDFBBA8A50}.AppStore|iPhone.ActiveCfg = AppStore|iPhone
		{3FFBFFF8-5560-4EDE-82E5-3FFDFBBA8A50}.AppStore|iPhone.Build.0 = AppStore|iPhone
		{3FFBFFF8-5560-4EDE-82E5-3FFDFBBA8A50}.AppStore|iPhoneSimulator.ActiveCfg = AppStore|iPhoneSimulator
		{3FFBFFF8-5560-4EDE-82E5-3FFDFBBA8A50}.AppStore|iPhoneSimulator.Build.0 = AppStore|iPhoneSimulator
		{3FFBFFF8-5560-4EDE-82E5-3FFDFBBA8A50}.Debug|iPhone.ActiveCfg = Debug|iPhone
		{3FFBFFF8-5560-4EDE-82E5-3FFDFBBA8A50}.Debug|iPhone.Build.0 = Debug|iPhone
		{3FFBFFF8-5560-4EDE-82E5-3FFDFBBA8A50}.Debug|iPhoneSimulator.ActiveCfg = Debug|iPhoneSimulator
		{3FFBFFF8-5560-4EDE-82E5-3FFDFBBA8A50}.Debug|iPhoneSimulator.Build.0 = Debug|iPhoneSimulator
		{3FFBFFF8-5560-4EDE-82E5-3FFDFBBA8A50}.Release|iPhone.ActiveCfg = Release|iPhone
		{3FFBFFF8-5560-4EDE-82E5-3FFDFBBA8A50}.Release|iPhone.Build.0 = Release|iPhone
		{3FFBFFF8-5560-4EDE-82E5-3FFDFBBA8A50}.Release|iPhoneSimulator.ActiveCfg = Release|iPhoneSimulator
		{3FFBFFF8-5560-4EDE-82E5-3FFDFBBA8A50}.Release|iPhoneSimulator.Build.0 = Release|iPhoneSimulator
		{47B205F6-5FDC-44B6-897D-4DE19422FC73}.AdHoc|iPhone.ActiveCfg = Debug|iPhone
		{47B205F6-5FDC-44B6-897D-4DE19422FC73}.AdHoc|iPhone.Build.0 = Debug|iPhone
		{47B205F6-5FDC-44B6-897D-4DE19422FC73}.AdHoc|iPhoneSimulator.ActiveCfg = Debug|iPhoneSimulator
		{47B205F6-5FDC-44B6-897D-4DE19422FC73}.AdHoc|iPhoneSimulator.Build.0 = Debug|iPhoneSimulator
		{47B205F6-5FDC-44B6-897D-4DE19422FC73}.AppStore|iPhone.ActiveCfg = Debug|iPhone
		{47B205F6-5FDC-44B6-897D-4DE19422FC73}.AppStore|iPhone.Build.0 = Debug|iPhone
		{47B205F6-5FDC-44B6-897D-4DE19422FC73}.AppStore|iPhoneSimulator.ActiveCfg = Debug|iPhoneSimulator
		{47B205F6-5FDC-44B6-897D-4DE19422FC73}.AppStore|iPhoneSimulator.Build.0 = Debug|iPhoneSimulator
		{47B205F6-5FDC-44B6-897D-4DE19422FC73}.Debug|iPhone.ActiveCfg = Debug|iPhone
		{47B205F6-5FDC-44B6-897D-4DE19422FC73}.Debug|iPhone.Build.0 = Debug|iPhone
		{47B205F6-5FDC-44B6-897D-4DE19422FC73}.Debug|iPhoneSimulator.ActiveCfg = Debug|iPhoneSimulator
		{47B205F6-5FDC-44B6-897D-4DE19422FC73}.Debug|iPhoneSimulator.Build.0 = Debug|iPhoneSimulator
		{47B205F6-5FDC-44B6-897D-4DE19422FC73}.Release|iPhone.ActiveCfg = Release|iPhone
		{47B205F6-5FDC-44B6-897D-4DE19422FC73}.Release|iPhone.Build.0 = Release|iPhone
		{47B205F6-5FDC-44B6-897D-4DE19422FC73}.Release|iPhoneSimulator.ActiveCfg = Release|iPhoneSimulator
		{47B205F6-5FDC-44B6-897D-4DE19422FC73}.Release|iPhoneSimulator.Build.0 = Release|iPhoneSimulator
		{4F743690-64BD-4B1F-BD75-872C910A94E2}.Debug|iPhone.ActiveCfg = Debug|iPhone
		{4F743690-64BD-4B1F-BD75-872C910A94E2}.Debug|iPhone.Build.0 = Debug|iPhone
		{4F743690-64BD-4B1F-BD75-872C910A94E2}.Debug|iPhoneSimulator.ActiveCfg = Debug|iPhoneSimulator
		{4F743690-64BD-4B1F-BD75-872C910A94E2}.Debug|iPhoneSimulator.Build.0 = Debug|iPhoneSimulator
		{4F743690-64BD-4B1F-BD75-872C910A94E2}.Release|iPhone.ActiveCfg = Release|iPhone
		{4F743690-64BD-4B1F-BD75-872C910A94E2}.Release|iPhone.Build.0 = Release|iPhone
		{4F743690-64BD-4B1F-BD75-872C910A94E2}.Release|iPhoneSimulator.ActiveCfg = Release|iPhoneSimulator
		{4F743690-64BD-4B1F-BD75-872C910A94E2}.Release|iPhoneSimulator.Build.0 = Release|iPhoneSimulator
		{8D63C3DE-5E49-49AC-B595-7F5547A0CAD4}.Debug|iPhone.ActiveCfg = Debug|iPhone
		{8D63C3DE-5E49-49AC-B595-7F5547A0CAD4}.Debug|iPhone.Build.0 = Debug|iPhone
		{8D63C3DE-5E49-49AC-B595-7F5547A0CAD4}.Debug|iPhoneSimulator.ActiveCfg = Debug|iPhoneSimulator
		{8D63C3DE-5E49-49AC-B595-7F5547A0CAD4}.Debug|iPhoneSimulator.Build.0 = Debug|iPhoneSimulator
		{8D63C3DE-5E49-49AC-B595-7F5547A0CAD4}.Release|iPhone.ActiveCfg = Release|iPhone
		{8D63C3DE-5E49-49AC-B595-7F5547A0CAD4}.Release|iPhone.Build.0 = Release|iPhone
		{8D63C3DE-5E49-49AC-B595-7F5547A0CAD4}.Release|iPhoneSimulator.ActiveCfg = Release|iPhoneSimulator
		{8D63C3DE-5E49-49AC-B595-7F5547A0CAD4}.Release|iPhoneSimulator.Build.0 = Release|iPhoneSimulator
	EndGlobalSection
	GlobalSection(NestedProjects) = preSolution
		{0C3337B2-0B8A-4C0B-8330-3B81F5B96B9B} = {D1EB636A-DAC6-47D3-8B44-7DAF5460DC08}
		{4F743690-64BD-4B1F-BD75-872C910A94E2} = {D1EB636A-DAC6-47D3-8B44-7DAF5460DC08}
		{3FFBFFF8-5560-4EDE-82E5-3FFDFBBA8A50} = {D1EB636A-DAC6-47D3-8B44-7DAF5460DC08}
		{47B205F6-5FDC-44B6-897D-4DE19422FC73} = {D1EB636A-DAC6-47D3-8B44-7DAF5460DC08}
	EndGlobalSection
	GlobalSection(MonoDevelopProperties) = preSolution
		StartupItem = WebHybrid.Touch.csproj
	EndGlobalSection
EndGlobal
