
Microsoft Visual Studio Solution File, Format Version 12.00
# Visual Studio 2013
VisualStudioVersion = 12.0.30110.0
MinimumVisualStudioVersion = 10.0.40219.1
Project("{FAE04EC0-301F-11D3-BF4B-00C04F79EFBC}") = "BestSellers.Touch", "BestSellers.Touch\BestSellers.Touch.csproj", "{96F732D2-0F2F-4D2A-AB8F-4074BD079442}"
EndProject
Project("{2150E333-8FDC-42A3-9474-1A3956D46DE8}") = "Framework", "Framework", "{BC3E8922-F188-4E4C-99F1-D2F02485F0F4}"
EndProject
Project("{FAE04EC0-301F-11D3-BF4B-00C04F79EFBC}") = "MonoCross.Touch", "..\MonoCross.Touch\MonoCross.Touch.csproj", "{4F743690-64BD-4B1F-BD75-872C910A94E2}"
EndProject
Project("{FAE04EC0-301F-11D3-BF4B-00C04F79EFBC}") = "MonoCross.Navigation", "..\MonoCross.Navigation\MonoCross.Navigation.csproj", "{4618CCFC-5895-4C44-AD25-8BF312A96B86}"
EndProject
Project("{FAE04EC0-301F-11D3-BF4B-00C04F79EFBC}") = "BestSellers", "BestSellers\BestSellers.csproj", "{CD0162EA-3DE6-47B1-A499-C597E3C2DC41}"
EndProject
Project("{FAE04EC0-301F-11D3-BF4B-00C04F79EFBC}") = "BestSellers.Console", "BestSellers.Console\BestSellers.Console.csproj", "{CAD9D48F-A5E4-4299-896B-8723060EB11C}"
EndProject
Project("{FAE04EC0-301F-11D3-BF4B-00C04F79EFBC}") = "MonoCross.Console", "..\MonoCross.Console\MonoCross.Console.csproj", "{A658FEA2-1B62-4A50-A1C5-0A6ADE4655D3}"
EndProject
Project("{FAE04EC0-301F-11D3-BF4B-00C04F79EFBC}") = "MonoCross.Droid", "..\MonoCross.Droid\MonoCross.Droid.csproj", "{B8448676-C9FE-42A3-A30B-F2FFA096E7D9}"
EndProject
Project("{FAE04EC0-301F-11D3-BF4B-00C04F79EFBC}") = "MonoCross.WindowsPhone", "..\MonoCross.WindowsPhone\MonoCross.WindowsPhone.csproj", "{7D13A55B-19F2-4944-8E10-6BB81BEAFA68}"
EndProject
Project("{FAE04EC0-301F-11D3-BF4B-00C04F79EFBC}") = "BestSellers.Droid", "BestSellers.Droid\BestSellers.Droid.csproj", "{6AB65A58-4958-4377-821A-107F65D66110}"
EndProject
Project("{FAE04EC0-301F-11D3-BF4B-00C04F79EFBC}") = "BestSellers.WindowsPhone", "BestSellers.WindowsPhone\BestSellers.WindowsPhone.csproj", "{2F764239-7329-472E-B42D-F9DB17A02F55}"
EndProject
Project("{FAE04EC0-301F-11D3-BF4B-00C04F79EFBC}") = "MonoCross.Webkit", "..\MonoCross.Webkit\MonoCross.Webkit.csproj", "{0BB5AA0C-0D8D-45AD-9775-ACF7DA3942BD}"
EndProject
Project("{FAE04EC0-301F-11D3-BF4B-00C04F79EFBC}") = "BestSellers.Webkit", "BestSellers.Webkit\BestSellers.Webkit.csproj", "{250CA996-D2A1-47EA-B932-7D0369E0DD06}"
EndProject
Global
	GlobalSection(SolutionConfigurationPlatforms) = preSolution
		AdHoc|Any CPU = AdHoc|Any CPU
		AdHoc|ARM = AdHoc|ARM
		AdHoc|iPhone = AdHoc|iPhone
		AdHoc|iPhoneSimulator = AdHoc|iPhoneSimulator
		AdHoc|Mixed Platforms = AdHoc|Mixed Platforms
		AdHoc|x86 = AdHoc|x86
		AppStore|Any CPU = AppStore|Any CPU
		AppStore|ARM = AppStore|ARM
		AppStore|iPhone = AppStore|iPhone
		AppStore|iPhoneSimulator = AppStore|iPhoneSimulator
		AppStore|Mixed Platforms = AppStore|Mixed Platforms
		AppStore|x86 = AppStore|x86
		Debug|Any CPU = Debug|Any CPU
		Debug|ARM = Debug|ARM
		Debug|iPhone = Debug|iPhone
		Debug|iPhoneSimulator = Debug|iPhoneSimulator
		Debug|Mixed Platforms = Debug|Mixed Platforms
		Debug|x86 = Debug|x86
		Release|Any CPU = Release|Any CPU
		Release|ARM = Release|ARM
		Release|iPhone = Release|iPhone
		Release|iPhoneSimulator = Release|iPhoneSimulator
		Release|Mixed Platforms = Release|Mixed Platforms
		Release|x86 = Release|x86
	EndGlobalSection
	GlobalSection(ProjectConfigurationPlatforms) = postSolution
		{96F732D2-0F2F-4D2A-AB8F-4074BD079442}.AdHoc|Any CPU.ActiveCfg = Release|iPhoneSimulator
		{96F732D2-0F2F-4D2A-AB8F-4074BD079442}.AdHoc|ARM.ActiveCfg = Release|iPhoneSimulator
		{96F732D2-0F2F-4D2A-AB8F-4074BD079442}.AdHoc|iPhone.ActiveCfg = Debug|iPhone
		{96F732D2-0F2F-4D2A-AB8F-4074BD079442}.AdHoc|iPhone.Build.0 = Debug|iPhone
		{96F732D2-0F2F-4D2A-AB8F-4074BD079442}.AdHoc|iPhoneSimulator.ActiveCfg = Debug|iPhoneSimulator
		{96F732D2-0F2F-4D2A-AB8F-4074BD079442}.AdHoc|iPhoneSimulator.Build.0 = Debug|iPhoneSimulator
		{96F732D2-0F2F-4D2A-AB8F-4074BD079442}.AdHoc|Mixed Platforms.ActiveCfg = Release|iPhoneSimulator
		{96F732D2-0F2F-4D2A-AB8F-4074BD079442}.AdHoc|Mixed Platforms.Build.0 = Release|iPhoneSimulator
		{96F732D2-0F2F-4D2A-AB8F-4074BD079442}.AdHoc|Mixed Platforms.Deploy.0 = Release|iPhoneSimulator
		{96F732D2-0F2F-4D2A-AB8F-4074BD079442}.AdHoc|x86.ActiveCfg = Release|iPhoneSimulator
		{96F732D2-0F2F-4D2A-AB8F-4074BD079442}.AppStore|Any CPU.ActiveCfg = Release|iPhoneSimulator
		{96F732D2-0F2F-4D2A-AB8F-4074BD079442}.AppStore|ARM.ActiveCfg = Release|iPhoneSimulator
		{96F732D2-0F2F-4D2A-AB8F-4074BD079442}.AppStore|iPhone.ActiveCfg = Debug|iPhone
		{96F732D2-0F2F-4D2A-AB8F-4074BD079442}.AppStore|iPhone.Build.0 = Debug|iPhone
		{96F732D2-0F2F-4D2A-AB8F-4074BD079442}.AppStore|iPhoneSimulator.ActiveCfg = Debug|iPhoneSimulator
		{96F732D2-0F2F-4D2A-AB8F-4074BD079442}.AppStore|iPhoneSimulator.Build.0 = Debug|iPhoneSimulator
		{96F732D2-0F2F-4D2A-AB8F-4074BD079442}.AppStore|Mixed Platforms.ActiveCfg = Release|iPhoneSimulator
		{96F732D2-0F2F-4D2A-AB8F-4074BD079442}.AppStore|Mixed Platforms.Build.0 = Release|iPhoneSimulator
		{96F732D2-0F2F-4D2A-AB8F-4074BD079442}.AppStore|Mixed Platforms.Deploy.0 = Release|iPhoneSimulator
		{96F732D2-0F2F-4D2A-AB8F-4074BD079442}.AppStore|x86.ActiveCfg = Release|iPhoneSimulator
		{96F732D2-0F2F-4D2A-AB8F-4074BD079442}.Debug|Any CPU.ActiveCfg = Debug|iPhoneSimulator
		{96F732D2-0F2F-4D2A-AB8F-4074BD079442}.Debug|ARM.ActiveCfg = Debug|iPhoneSimulator
		{96F732D2-0F2F-4D2A-AB8F-4074BD079442}.Debug|iPhone.ActiveCfg = Debug|iPhone
		{96F732D2-0F2F-4D2A-AB8F-4074BD079442}.Debug|iPhone.Build.0 = Debug|iPhone
		{96F732D2-0F2F-4D2A-AB8F-4074BD079442}.Debug|iPhoneSimulator.ActiveCfg = Debug|iPhoneSimulator
		{96F732D2-0F2F-4D2A-AB8F-4074BD079442}.Debug|iPhoneSimulator.Build.0 = Debug|iPhoneSimulator
		{96F732D2-0F2F-4D2A-AB8F-4074BD079442}.Debug|Mixed Platforms.ActiveCfg = Debug|iPhoneSimulator
		{96F732D2-0F2F-4D2A-AB8F-4074BD079442}.Debug|Mixed Platforms.Build.0 = Debug|iPhoneSimulator
		{96F732D2-0F2F-4D2A-AB8F-4074BD079442}.Debug|Mixed Platforms.Deploy.0 = Debug|iPhoneSimulator
		{96F732D2-0F2F-4D2A-AB8F-4074BD079442}.Debug|x86.ActiveCfg = Debug|iPhoneSimulator
		{96F732D2-0F2F-4D2A-AB8F-4074BD079442}.Release|Any CPU.ActiveCfg = Release|iPhoneSimulator
		{96F732D2-0F2F-4D2A-AB8F-4074BD079442}.Release|ARM.ActiveCfg = Release|iPhoneSimulator
		{96F732D2-0F2F-4D2A-AB8F-4074BD079442}.Release|iPhone.ActiveCfg = Release|iPhone
		{96F732D2-0F2F-4D2A-AB8F-4074BD079442}.Release|iPhone.Build.0 = Release|iPhone
		{96F732D2-0F2F-4D2A-AB8F-4074BD079442}.Release|iPhoneSimulator.ActiveCfg = Release|iPhoneSimulator
		{96F732D2-0F2F-4D2A-AB8F-4074BD079442}.Release|iPhoneSimulator.Build.0 = Release|iPhoneSimulator
		{96F732D2-0F2F-4D2A-AB8F-4074BD079442}.Release|Mixed Platforms.ActiveCfg = Release|iPhoneSimulator
		{96F732D2-0F2F-4D2A-AB8F-4074BD079442}.Release|Mixed Platforms.Build.0 = Release|iPhoneSimulator
		{96F732D2-0F2F-4D2A-AB8F-4074BD079442}.Release|Mixed Platforms.Deploy.0 = Release|iPhoneSimulator
		{96F732D2-0F2F-4D2A-AB8F-4074BD079442}.Release|x86.ActiveCfg = Release|iPhoneSimulator
		{4F743690-64BD-4B1F-BD75-872C910A94E2}.AdHoc|Any CPU.ActiveCfg = Release|iPhone
		{4F743690-64BD-4B1F-BD75-872C910A94E2}.AdHoc|ARM.ActiveCfg = Release|iPhone
		{4F743690-64BD-4B1F-BD75-872C910A94E2}.AdHoc|iPhone.ActiveCfg = Debug|iPhone
		{4F743690-64BD-4B1F-BD75-872C910A94E2}.AdHoc|iPhone.Build.0 = Debug|iPhone
		{4F743690-64BD-4B1F-BD75-872C910A94E2}.AdHoc|iPhoneSimulator.ActiveCfg = Release|iPhoneSimulator
		{4F743690-64BD-4B1F-BD75-872C910A94E2}.AdHoc|Mixed Platforms.ActiveCfg = Release|iPhone
		{4F743690-64BD-4B1F-BD75-872C910A94E2}.AdHoc|Mixed Platforms.Build.0 = Release|iPhone
		{4F743690-64BD-4B1F-BD75-872C910A94E2}.AdHoc|x86.ActiveCfg = Release|iPhone
		{4F743690-64BD-4B1F-BD75-872C910A94E2}.AppStore|Any CPU.ActiveCfg = Release|iPhone
		{4F743690-64BD-4B1F-BD75-872C910A94E2}.AppStore|ARM.ActiveCfg = Release|iPhone
		{4F743690-64BD-4B1F-BD75-872C910A94E2}.AppStore|iPhone.ActiveCfg = Debug|iPhone
		{4F743690-64BD-4B1F-BD75-872C910A94E2}.AppStore|iPhone.Build.0 = Debug|iPhone
		{4F743690-64BD-4B1F-BD75-872C910A94E2}.AppStore|iPhoneSimulator.ActiveCfg = Release|iPhoneSimulator
		{4F743690-64BD-4B1F-BD75-872C910A94E2}.AppStore|Mixed Platforms.ActiveCfg = Release|iPhone
		{4F743690-64BD-4B1F-BD75-872C910A94E2}.AppStore|Mixed Platforms.Build.0 = Release|iPhone
		{4F743690-64BD-4B1F-BD75-872C910A94E2}.AppStore|x86.ActiveCfg = Release|iPhone
		{4F743690-64BD-4B1F-BD75-872C910A94E2}.Debug|Any CPU.ActiveCfg = Debug|iPhoneSimulator
		{4F743690-64BD-4B1F-BD75-872C910A94E2}.Debug|ARM.ActiveCfg = Debug|iPhoneSimulator
		{4F743690-64BD-4B1F-BD75-872C910A94E2}.Debug|iPhone.ActiveCfg = Debug|iPhone
		{4F743690-64BD-4B1F-BD75-872C910A94E2}.Debug|iPhone.Build.0 = Debug|iPhone
		{4F743690-64BD-4B1F-BD75-872C910A94E2}.Debug|iPhoneSimulator.ActiveCfg = Debug|iPhoneSimulator
		{4F743690-64BD-4B1F-BD75-872C910A94E2}.Debug|iPhoneSimulator.Build.0 = Debug|iPhoneSimulator
		{4F743690-64BD-4B1F-BD75-872C910A94E2}.Debug|Mixed Platforms.ActiveCfg = Debug|iPhoneSimulator
		{4F743690-64BD-4B1F-BD75-872C910A94E2}.Debug|Mixed Platforms.Build.0 = Debug|iPhoneSimulator
		{4F743690-64BD-4B1F-BD75-872C910A94E2}.Debug|x86.ActiveCfg = Debug|iPhoneSimulator
		{4F743690-64BD-4B1F-BD75-872C910A94E2}.Release|Any CPU.ActiveCfg = Release|iPhone
		{4F743690-64BD-4B1F-BD75-872C910A94E2}.Release|ARM.ActiveCfg = Release|iPhone
		{4F743690-64BD-4B1F-BD75-872C910A94E2}.Release|iPhone.ActiveCfg = Release|iPhone
		{4F743690-64BD-4B1F-BD75-872C910A94E2}.Release|iPhone.Build.0 = Release|iPhone
		{4F743690-64BD-4B1F-BD75-872C910A94E2}.Release|iPhoneSimulator.ActiveCfg = Release|iPhoneSimulator
		{4F743690-64BD-4B1F-BD75-872C910A94E2}.Release|iPhoneSimulator.Build.0 = Release|iPhoneSimulator
		{4F743690-64BD-4B1F-BD75-872C910A94E2}.Release|Mixed Platforms.ActiveCfg = Release|iPhone
		{4F743690-64BD-4B1F-BD75-872C910A94E2}.Release|Mixed Platforms.Build.0 = Release|iPhone
		{4F743690-64BD-4B1F-BD75-872C910A94E2}.Release|x86.ActiveCfg = Release|iPhone
		{4618CCFC-5895-4C44-AD25-8BF312A96B86}.AdHoc|Any CPU.ActiveCfg = Release|Any CPU
		{4618CCFC-5895-4C44-AD25-8BF312A96B86}.AdHoc|Any CPU.Build.0 = Release|Any CPU
		{4618CCFC-5895-4C44-AD25-8BF312A96B86}.AdHoc|ARM.ActiveCfg = Release|Any CPU
		{4618CCFC-5895-4C44-AD25-8BF312A96B86}.AdHoc|iPhone.ActiveCfg = Debug|Any CPU
		{4618CCFC-5895-4C44-AD25-8BF312A96B86}.AdHoc|iPhone.Build.0 = Debug|Any CPU
		{4618CCFC-5895-4C44-AD25-8BF312A96B86}.AdHoc|iPhoneSimulator.ActiveCfg = Debug|Any CPU
		{4618CCFC-5895-4C44-AD25-8BF312A96B86}.AdHoc|iPhoneSimulator.Build.0 = Debug|Any CPU
		{4618CCFC-5895-4C44-AD25-8BF312A96B86}.AdHoc|Mixed Platforms.ActiveCfg = Release|Any CPU
		{4618CCFC-5895-4C44-AD25-8BF312A96B86}.AdHoc|Mixed Platforms.Build.0 = Release|Any CPU
		{4618CCFC-5895-4C44-AD25-8BF312A96B86}.AdHoc|x86.ActiveCfg = Release|Any CPU
		{4618CCFC-5895-4C44-AD25-8BF312A96B86}.AppStore|Any CPU.ActiveCfg = Release|Any CPU
		{4618CCFC-5895-4C44-AD25-8BF312A96B86}.AppStore|Any CPU.Build.0 = Release|Any CPU
		{4618CCFC-5895-4C44-AD25-8BF312A96B86}.AppStore|ARM.ActiveCfg = Release|Any CPU
		{4618CCFC-5895-4C44-AD25-8BF312A96B86}.AppStore|iPhone.ActiveCfg = Debug|Any CPU
		{4618CCFC-5895-4C44-AD25-8BF312A96B86}.AppStore|iPhone.Build.0 = Debug|Any CPU
		{4618CCFC-5895-4C44-AD25-8BF312A96B86}.AppStore|iPhoneSimulator.ActiveCfg = Debug|Any CPU
		{4618CCFC-5895-4C44-AD25-8BF312A96B86}.AppStore|iPhoneSimulator.Build.0 = Debug|Any CPU
		{4618CCFC-5895-4C44-AD25-8BF312A96B86}.AppStore|Mixed Platforms.ActiveCfg = Release|Any CPU
		{4618CCFC-5895-4C44-AD25-8BF312A96B86}.AppStore|Mixed Platforms.Build.0 = Release|Any CPU
		{4618CCFC-5895-4C44-AD25-8BF312A96B86}.AppStore|x86.ActiveCfg = Release|Any CPU
		{4618CCFC-5895-4C44-AD25-8BF312A96B86}.Debug|Any CPU.ActiveCfg = Debug|Any CPU
		{4618CCFC-5895-4C44-AD25-8BF312A96B86}.Debug|Any CPU.Build.0 = Debug|Any CPU
		{4618CCFC-5895-4C44-AD25-8BF312A96B86}.Debug|ARM.ActiveCfg = Debug|Any CPU
		{4618CCFC-5895-4C44-AD25-8BF312A96B86}.Debug|iPhone.ActiveCfg = Debug|Any CPU
		{4618CCFC-5895-4C44-AD25-8BF312A96B86}.Debug|iPhone.Build.0 = Debug|Any CPU
		{4618CCFC-5895-4C44-AD25-8BF312A96B86}.Debug|iPhoneSimulator.ActiveCfg = Debug|Any CPU
		{4618CCFC-5895-4C44-AD25-8BF312A96B86}.Debug|iPhoneSimulator.Build.0 = Debug|Any CPU
		{4618CCFC-5895-4C44-AD25-8BF312A96B86}.Debug|Mixed Platforms.ActiveCfg = Debug|Any CPU
		{4618CCFC-5895-4C44-AD25-8BF312A96B86}.Debug|Mixed Platforms.Build.0 = Debug|Any CPU
		{4618CCFC-5895-4C44-AD25-8BF312A96B86}.Debug|x86.ActiveCfg = Debug|Any CPU
		{4618CCFC-5895-4C44-AD25-8BF312A96B86}.Release|Any CPU.ActiveCfg = Release|Any CPU
		{4618CCFC-5895-4C44-AD25-8BF312A96B86}.Release|Any CPU.Build.0 = Release|Any CPU
		{4618CCFC-5895-4C44-AD25-8BF312A96B86}.Release|ARM.ActiveCfg = Release|Any CPU
		{4618CCFC-5895-4C44-AD25-8BF312A96B86}.Release|iPhone.ActiveCfg = Release|Any CPU
		{4618CCFC-5895-4C44-AD25-8BF312A96B86}.Release|iPhone.Build.0 = Release|Any CPU
		{4618CCFC-5895-4C44-AD25-8BF312A96B86}.Release|iPhoneSimulator.ActiveCfg = Release|Any CPU
		{4618CCFC-5895-4C44-AD25-8BF312A96B86}.Release|iPhoneSimulator.Build.0 = Release|Any CPU
		{4618CCFC-5895-4C44-AD25-8BF312A96B86}.Release|Mixed Platforms.ActiveCfg = Release|Any CPU
		{4618CCFC-5895-4C44-AD25-8BF312A96B86}.Release|Mixed Platforms.Build.0 = Release|Any CPU
		{4618CCFC-5895-4C44-AD25-8BF312A96B86}.Release|x86.ActiveCfg = Release|Any CPU
		{CD0162EA-3DE6-47B1-A499-C597E3C2DC41}.AdHoc|Any CPU.ActiveCfg = Release|Any CPU
		{CD0162EA-3DE6-47B1-A499-C597E3C2DC41}.AdHoc|Any CPU.Build.0 = Release|Any CPU
		{CD0162EA-3DE6-47B1-A499-C597E3C2DC41}.AdHoc|ARM.ActiveCfg = Release|Any CPU
		{CD0162EA-3DE6-47B1-A499-C597E3C2DC41}.AdHoc|iPhone.ActiveCfg = Debug|Any CPU
		{CD0162EA-3DE6-47B1-A499-C597E3C2DC41}.AdHoc|iPhone.Build.0 = Debug|Any CPU
		{CD0162EA-3DE6-47B1-A499-C597E3C2DC41}.AdHoc|iPhoneSimulator.ActiveCfg = Debug|Any CPU
		{CD0162EA-3DE6-47B1-A499-C597E3C2DC41}.AdHoc|iPhoneSimulator.Build.0 = Debug|Any CPU
		{CD0162EA-3DE6-47B1-A499-C597E3C2DC41}.AdHoc|Mixed Platforms.ActiveCfg = Release|Any CPU
		{CD0162EA-3DE6-47B1-A499-C597E3C2DC41}.AdHoc|Mixed Platforms.Build.0 = Release|Any CPU
		{CD0162EA-3DE6-47B1-A499-C597E3C2DC41}.AdHoc|x86.ActiveCfg = Release|Any CPU
		{CD0162EA-3DE6-47B1-A499-C597E3C2DC41}.AppStore|Any CPU.ActiveCfg = Release|Any CPU
		{CD0162EA-3DE6-47B1-A499-C597E3C2DC41}.AppStore|Any CPU.Build.0 = Release|Any CPU
		{CD0162EA-3DE6-47B1-A499-C597E3C2DC41}.AppStore|ARM.ActiveCfg = Release|Any CPU
		{CD0162EA-3DE6-47B1-A499-C597E3C2DC41}.AppStore|iPhone.ActiveCfg = Debug|Any CPU
		{CD0162EA-3DE6-47B1-A499-C597E3C2DC41}.AppStore|iPhone.Build.0 = Debug|Any CPU
		{CD0162EA-3DE6-47B1-A499-C597E3C2DC41}.AppStore|iPhoneSimulator.ActiveCfg = Debug|Any CPU
		{CD0162EA-3DE6-47B1-A499-C597E3C2DC41}.AppStore|iPhoneSimulator.Build.0 = Debug|Any CPU
		{CD0162EA-3DE6-47B1-A499-C597E3C2DC41}.AppStore|Mixed Platforms.ActiveCfg = Release|Any CPU
		{CD0162EA-3DE6-47B1-A499-C597E3C2DC41}.AppStore|Mixed Platforms.Build.0 = Release|Any CPU
		{CD0162EA-3DE6-47B1-A499-C597E3C2DC41}.AppStore|x86.ActiveCfg = Release|Any CPU
		{CD0162EA-3DE6-47B1-A499-C597E3C2DC41}.Debug|Any CPU.ActiveCfg = Debug|Any CPU
		{CD0162EA-3DE6-47B1-A499-C597E3C2DC41}.Debug|Any CPU.Build.0 = Debug|Any CPU
		{CD0162EA-3DE6-47B1-A499-C597E3C2DC41}.Debug|ARM.ActiveCfg = Debug|Any CPU
		{CD0162EA-3DE6-47B1-A499-C597E3C2DC41}.Debug|iPhone.ActiveCfg = Debug|Any CPU
		{CD0162EA-3DE6-47B1-A499-C597E3C2DC41}.Debug|iPhone.Build.0 = Debug|Any CPU
		{CD0162EA-3DE6-47B1-A499-C597E3C2DC41}.Debug|iPhoneSimulator.ActiveCfg = Debug|Any CPU
		{CD0162EA-3DE6-47B1-A499-C597E3C2DC41}.Debug|iPhoneSimulator.Build.0 = Debug|Any CPU
		{CD0162EA-3DE6-47B1-A499-C597E3C2DC41}.Debug|Mixed Platforms.ActiveCfg = Debug|Any CPU
		{CD0162EA-3DE6-47B1-A499-C597E3C2DC41}.Debug|Mixed Platforms.Build.0 = Debug|Any CPU
		{CD0162EA-3DE6-47B1-A499-C597E3C2DC41}.Debug|x86.ActiveCfg = Debug|Any CPU
		{CD0162EA-3DE6-47B1-A499-C597E3C2DC41}.Release|Any CPU.ActiveCfg = Release|Any CPU
		{CD0162EA-3DE6-47B1-A499-C597E3C2DC41}.Release|Any CPU.Build.0 = Release|Any CPU
		{CD0162EA-3DE6-47B1-A499-C597E3C2DC41}.Release|ARM.ActiveCfg = Release|Any CPU
		{CD0162EA-3DE6-47B1-A499-C597E3C2DC41}.Release|iPhone.ActiveCfg = Release|Any CPU
		{CD0162EA-3DE6-47B1-A499-C597E3C2DC41}.Release|iPhone.Build.0 = Release|Any CPU
		{CD0162EA-3DE6-47B1-A499-C597E3C2DC41}.Release|iPhoneSimulator.ActiveCfg = Release|Any CPU
		{CD0162EA-3DE6-47B1-A499-C597E3C2DC41}.Release|iPhoneSimulator.Build.0 = Release|Any CPU
		{CD0162EA-3DE6-47B1-A499-C597E3C2DC41}.Release|Mixed Platforms.ActiveCfg = Release|Any CPU
		{CD0162EA-3DE6-47B1-A499-C597E3C2DC41}.Release|Mixed Platforms.Build.0 = Release|Any CPU
		{CD0162EA-3DE6-47B1-A499-C597E3C2DC41}.Release|x86.ActiveCfg = Release|Any CPU
		{CAD9D48F-A5E4-4299-896B-8723060EB11C}.AdHoc|Any CPU.ActiveCfg = Release|x86
		{CAD9D48F-A5E4-4299-896B-8723060EB11C}.AdHoc|ARM.ActiveCfg = Release|x86
		{CAD9D48F-A5E4-4299-896B-8723060EB11C}.AdHoc|iPhone.ActiveCfg = Release|x86
		{CAD9D48F-A5E4-4299-896B-8723060EB11C}.AdHoc|iPhoneSimulator.ActiveCfg = Release|x86
		{CAD9D48F-A5E4-4299-896B-8723060EB11C}.AdHoc|Mixed Platforms.ActiveCfg = Release|x86
		{CAD9D48F-A5E4-4299-896B-8723060EB11C}.AdHoc|Mixed Platforms.Build.0 = Release|x86
		{CAD9D48F-A5E4-4299-896B-8723060EB11C}.AdHoc|x86.ActiveCfg = Release|x86
		{CAD9D48F-A5E4-4299-896B-8723060EB11C}.AdHoc|x86.Build.0 = Release|x86
		{CAD9D48F-A5E4-4299-896B-8723060EB11C}.AppStore|Any CPU.ActiveCfg = Release|x86
		{CAD9D48F-A5E4-4299-896B-8723060EB11C}.AppStore|ARM.ActiveCfg = Release|x86
		{CAD9D48F-A5E4-4299-896B-8723060EB11C}.AppStore|iPhone.ActiveCfg = Release|x86
		{CAD9D48F-A5E4-4299-896B-8723060EB11C}.AppStore|iPhoneSimulator.ActiveCfg = Release|x86
		{CAD9D48F-A5E4-4299-896B-8723060EB11C}.AppStore|Mixed Platforms.ActiveCfg = Release|x86
		{CAD9D48F-A5E4-4299-896B-8723060EB11C}.AppStore|Mixed Platforms.Build.0 = Release|x86
		{CAD9D48F-A5E4-4299-896B-8723060EB11C}.AppStore|x86.ActiveCfg = Release|x86
		{CAD9D48F-A5E4-4299-896B-8723060EB11C}.AppStore|x86.Build.0 = Release|x86
		{CAD9D48F-A5E4-4299-896B-8723060EB11C}.Debug|Any CPU.ActiveCfg = Debug|x86
		{CAD9D48F-A5E4-4299-896B-8723060EB11C}.Debug|ARM.ActiveCfg = Debug|x86
		{CAD9D48F-A5E4-4299-896B-8723060EB11C}.Debug|iPhone.ActiveCfg = Debug|x86
		{CAD9D48F-A5E4-4299-896B-8723060EB11C}.Debug|iPhoneSimulator.ActiveCfg = Debug|x86
		{CAD9D48F-A5E4-4299-896B-8723060EB11C}.Debug|Mixed Platforms.ActiveCfg = Debug|x86
		{CAD9D48F-A5E4-4299-896B-8723060EB11C}.Debug|Mixed Platforms.Build.0 = Debug|x86
		{CAD9D48F-A5E4-4299-896B-8723060EB11C}.Debug|x86.ActiveCfg = Debug|x86
		{CAD9D48F-A5E4-4299-896B-8723060EB11C}.Debug|x86.Build.0 = Debug|x86
		{CAD9D48F-A5E4-4299-896B-8723060EB11C}.Release|Any CPU.ActiveCfg = Release|x86
		{CAD9D48F-A5E4-4299-896B-8723060EB11C}.Release|ARM.ActiveCfg = Release|x86
		{CAD9D48F-A5E4-4299-896B-8723060EB11C}.Release|iPhone.ActiveCfg = Release|x86
		{CAD9D48F-A5E4-4299-896B-8723060EB11C}.Release|iPhoneSimulator.ActiveCfg = Release|x86
		{CAD9D48F-A5E4-4299-896B-8723060EB11C}.Release|Mixed Platforms.ActiveCfg = Release|x86
		{CAD9D48F-A5E4-4299-896B-8723060EB11C}.Release|Mixed Platforms.Build.0 = Release|x86
		{CAD9D48F-A5E4-4299-896B-8723060EB11C}.Release|x86.ActiveCfg = Release|x86
		{CAD9D48F-A5E4-4299-896B-8723060EB11C}.Release|x86.Build.0 = Release|x86
		{A658FEA2-1B62-4A50-A1C5-0A6ADE4655D3}.AdHoc|Any CPU.ActiveCfg = Release|Any CPU
		{A658FEA2-1B62-4A50-A1C5-0A6ADE4655D3}.AdHoc|Any CPU.Build.0 = Release|Any CPU
		{A658FEA2-1B62-4A50-A1C5-0A6ADE4655D3}.AdHoc|ARM.ActiveCfg = Release|Any CPU
		{A658FEA2-1B62-4A50-A1C5-0A6ADE4655D3}.AdHoc|iPhone.ActiveCfg = Release|Any CPU
		{A658FEA2-1B62-4A50-A1C5-0A6ADE4655D3}.AdHoc|iPhoneSimulator.ActiveCfg = Release|Any CPU
		{A658FEA2-1B62-4A50-A1C5-0A6ADE4655D3}.AdHoc|Mixed Platforms.ActiveCfg = Release|Any CPU
		{A658FEA2-1B62-4A50-A1C5-0A6ADE4655D3}.AdHoc|Mixed Platforms.Build.0 = Release|Any CPU
		{A658FEA2-1B62-4A50-A1C5-0A6ADE4655D3}.AdHoc|x86.ActiveCfg = Release|Any CPU
		{A658FEA2-1B62-4A50-A1C5-0A6ADE4655D3}.AppStore|Any CPU.ActiveCfg = Release|Any CPU
		{A658FEA2-1B62-4A50-A1C5-0A6ADE4655D3}.AppStore|Any CPU.Build.0 = Release|Any CPU
		{A658FEA2-1B62-4A50-A1C5-0A6ADE4655D3}.AppStore|ARM.ActiveCfg = Release|Any CPU
		{A658FEA2-1B62-4A50-A1C5-0A6ADE4655D3}.AppStore|iPhone.ActiveCfg = Release|Any CPU
		{A658FEA2-1B62-4A50-A1C5-0A6ADE4655D3}.AppStore|iPhoneSimulator.ActiveCfg = Release|Any CPU
		{A658FEA2-1B62-4A50-A1C5-0A6ADE4655D3}.AppStore|Mixed Platforms.ActiveCfg = Release|Any CPU
		{A658FEA2-1B62-4A50-A1C5-0A6ADE4655D3}.AppStore|Mixed Platforms.Build.0 = Release|Any CPU
		{A658FEA2-1B62-4A50-A1C5-0A6ADE4655D3}.AppStore|x86.ActiveCfg = Release|Any CPU
		{A658FEA2-1B62-4A50-A1C5-0A6ADE4655D3}.Debug|Any CPU.ActiveCfg = Debug|Any CPU
		{A658FEA2-1B62-4A50-A1C5-0A6ADE4655D3}.Debug|Any CPU.Build.0 = Debug|Any CPU
		{A658FEA2-1B62-4A50-A1C5-0A6ADE4655D3}.Debug|ARM.ActiveCfg = Debug|Any CPU
		{A658FEA2-1B62-4A50-A1C5-0A6ADE4655D3}.Debug|iPhone.ActiveCfg = Debug|Any CPU
		{A658FEA2-1B62-4A50-A1C5-0A6ADE4655D3}.Debug|iPhoneSimulator.ActiveCfg = Debug|Any CPU
		{A658FEA2-1B62-4A50-A1C5-0A6ADE4655D3}.Debug|Mixed Platforms.ActiveCfg = Debug|Any CPU
		{A658FEA2-1B62-4A50-A1C5-0A6ADE4655D3}.Debug|Mixed Platforms.Build.0 = Debug|Any CPU
		{A658FEA2-1B62-4A50-A1C5-0A6ADE4655D3}.Debug|x86.ActiveCfg = Debug|Any CPU
		{A658FEA2-1B62-4A50-A1C5-0A6ADE4655D3}.Release|Any CPU.ActiveCfg = Release|Any CPU
		{A658FEA2-1B62-4A50-A1C5-0A6ADE4655D3}.Release|Any CPU.Build.0 = Release|Any CPU
		{A658FEA2-1B62-4A50-A1C5-0A6ADE4655D3}.Release|ARM.ActiveCfg = Release|Any CPU
		{A658FEA2-1B62-4A50-A1C5-0A6ADE4655D3}.Release|iPhone.ActiveCfg = Release|Any CPU
		{A658FEA2-1B62-4A50-A1C5-0A6ADE4655D3}.Release|iPhoneSimulator.ActiveCfg = Release|Any CPU
		{A658FEA2-1B62-4A50-A1C5-0A6ADE4655D3}.Release|Mixed Platforms.ActiveCfg = Release|Any CPU
		{A658FEA2-1B62-4A50-A1C5-0A6ADE4655D3}.Release|Mixed Platforms.Build.0 = Release|Any CPU
		{A658FEA2-1B62-4A50-A1C5-0A6ADE4655D3}.Release|x86.ActiveCfg = Release|Any CPU
		{B8448676-C9FE-42A3-A30B-F2FFA096E7D9}.AdHoc|Any CPU.ActiveCfg = Release|Any CPU
		{B8448676-C9FE-42A3-A30B-F2FFA096E7D9}.AdHoc|Any CPU.Build.0 = Release|Any CPU
		{B8448676-C9FE-42A3-A30B-F2FFA096E7D9}.AdHoc|ARM.ActiveCfg = Release|Any CPU
		{B8448676-C9FE-42A3-A30B-F2FFA096E7D9}.AdHoc|iPhone.ActiveCfg = Release|Any CPU
		{B8448676-C9FE-42A3-A30B-F2FFA096E7D9}.AdHoc|iPhoneSimulator.ActiveCfg = Release|Any CPU
		{B8448676-C9FE-42A3-A30B-F2FFA096E7D9}.AdHoc|Mixed Platforms.ActiveCfg = Release|Any CPU
		{B8448676-C9FE-42A3-A30B-F2FFA096E7D9}.AdHoc|Mixed Platforms.Build.0 = Release|Any CPU
		{B8448676-C9FE-42A3-A30B-F2FFA096E7D9}.AdHoc|x86.ActiveCfg = Release|Any CPU
		{B8448676-C9FE-42A3-A30B-F2FFA096E7D9}.AppStore|Any CPU.ActiveCfg = Release|Any CPU
		{B8448676-C9FE-42A3-A30B-F2FFA096E7D9}.AppStore|Any CPU.Build.0 = Release|Any CPU
		{B8448676-C9FE-42A3-A30B-F2FFA096E7D9}.AppStore|ARM.ActiveCfg = Release|Any CPU
		{B8448676-C9FE-42A3-A30B-F2FFA096E7D9}.AppStore|iPhone.ActiveCfg = Release|Any CPU
		{B8448676-C9FE-42A3-A30B-F2FFA096E7D9}.AppStore|iPhoneSimulator.ActiveCfg = Release|Any CPU
		{B8448676-C9FE-42A3-A30B-F2FFA096E7D9}.AppStore|Mixed Platforms.ActiveCfg = Release|Any CPU
		{B8448676-C9FE-42A3-A30B-F2FFA096E7D9}.AppStore|Mixed Platforms.Build.0 = Release|Any CPU
		{B8448676-C9FE-42A3-A30B-F2FFA096E7D9}.AppStore|x86.ActiveCfg = Release|Any CPU
		{B8448676-C9FE-42A3-A30B-F2FFA096E7D9}.Debug|Any CPU.ActiveCfg = Debug|Any CPU
		{B8448676-C9FE-42A3-A30B-F2FFA096E7D9}.Debug|Any CPU.Build.0 = Debug|Any CPU
		{B8448676-C9FE-42A3-A30B-F2FFA096E7D9}.Debug|ARM.ActiveCfg = Debug|Any CPU
		{B8448676-C9FE-42A3-A30B-F2FFA096E7D9}.Debug|iPhone.ActiveCfg = Debug|Any CPU
		{B8448676-C9FE-42A3-A30B-F2FFA096E7D9}.Debug|iPhoneSimulator.ActiveCfg = Debug|Any CPU
		{B8448676-C9FE-42A3-A30B-F2FFA096E7D9}.Debug|Mixed Platforms.ActiveCfg = Debug|Any CPU
		{B8448676-C9FE-42A3-A30B-F2FFA096E7D9}.Debug|Mixed Platforms.Build.0 = Debug|Any CPU
		{B8448676-C9FE-42A3-A30B-F2FFA096E7D9}.Debug|x86.ActiveCfg = Debug|Any CPU
		{B8448676-C9FE-42A3-A30B-F2FFA096E7D9}.Release|Any CPU.ActiveCfg = Release|Any CPU
		{B8448676-C9FE-42A3-A30B-F2FFA096E7D9}.Release|Any CPU.Build.0 = Release|Any CPU
		{B8448676-C9FE-42A3-A30B-F2FFA096E7D9}.Release|ARM.ActiveCfg = Release|Any CPU
		{B8448676-C9FE-42A3-A30B-F2FFA096E7D9}.Release|iPhone.ActiveCfg = Release|Any CPU
		{B8448676-C9FE-42A3-A30B-F2FFA096E7D9}.Release|iPhoneSimulator.ActiveCfg = Release|Any CPU
		{B8448676-C9FE-42A3-A30B-F2FFA096E7D9}.Release|Mixed Platforms.ActiveCfg = Release|Any CPU
		{B8448676-C9FE-42A3-A30B-F2FFA096E7D9}.Release|Mixed Platforms.Build.0 = Release|Any CPU
		{B8448676-C9FE-42A3-A30B-F2FFA096E7D9}.Release|x86.ActiveCfg = Release|Any CPU
		{7D13A55B-19F2-4944-8E10-6BB81BEAFA68}.AdHoc|Any CPU.ActiveCfg = Release|Any CPU
		{7D13A55B-19F2-4944-8E10-6BB81BEAFA68}.AdHoc|Any CPU.Build.0 = Release|Any CPU
		{7D13A55B-19F2-4944-8E10-6BB81BEAFA68}.AdHoc|ARM.ActiveCfg = Release|ARM
		{7D13A55B-19F2-4944-8E10-6BB81BEAFA68}.AdHoc|ARM.Build.0 = Release|ARM
		{7D13A55B-19F2-4944-8E10-6BB81BEAFA68}.AdHoc|iPhone.ActiveCfg = Release|Any CPU
		{7D13A55B-19F2-4944-8E10-6BB81BEAFA68}.AdHoc|iPhoneSimulator.ActiveCfg = Release|Any CPU
		{7D13A55B-19F2-4944-8E10-6BB81BEAFA68}.AdHoc|Mixed Platforms.ActiveCfg = Release|x86
		{7D13A55B-19F2-4944-8E10-6BB81BEAFA68}.AdHoc|Mixed Platforms.Build.0 = Release|x86
		{7D13A55B-19F2-4944-8E10-6BB81BEAFA68}.AdHoc|x86.ActiveCfg = Release|x86
		{7D13A55B-19F2-4944-8E10-6BB81BEAFA68}.AdHoc|x86.Build.0 = Release|x86
		{7D13A55B-19F2-4944-8E10-6BB81BEAFA68}.AppStore|Any CPU.ActiveCfg = Release|Any CPU
		{7D13A55B-19F2-4944-8E10-6BB81BEAFA68}.AppStore|Any CPU.Build.0 = Release|Any CPU
		{7D13A55B-19F2-4944-8E10-6BB81BEAFA68}.AppStore|ARM.ActiveCfg = Release|ARM
		{7D13A55B-19F2-4944-8E10-6BB81BEAFA68}.AppStore|ARM.Build.0 = Release|ARM
		{7D13A55B-19F2-4944-8E10-6BB81BEAFA68}.AppStore|iPhone.ActiveCfg = Release|Any CPU
		{7D13A55B-19F2-4944-8E10-6BB81BEAFA68}.AppStore|iPhoneSimulator.ActiveCfg = Release|Any CPU
		{7D13A55B-19F2-4944-8E10-6BB81BEAFA68}.AppStore|Mixed Platforms.ActiveCfg = Release|x86
		{7D13A55B-19F2-4944-8E10-6BB81BEAFA68}.AppStore|Mixed Platforms.Build.0 = Release|x86
		{7D13A55B-19F2-4944-8E10-6BB81BEAFA68}.AppStore|x86.ActiveCfg = Release|x86
		{7D13A55B-19F2-4944-8E10-6BB81BEAFA68}.AppStore|x86.Build.0 = Release|x86
		{7D13A55B-19F2-4944-8E10-6BB81BEAFA68}.Debug|Any CPU.ActiveCfg = Debug|Any CPU
		{7D13A55B-19F2-4944-8E10-6BB81BEAFA68}.Debug|Any CPU.Build.0 = Debug|Any CPU
		{7D13A55B-19F2-4944-8E10-6BB81BEAFA68}.Debug|ARM.ActiveCfg = Debug|ARM
		{7D13A55B-19F2-4944-8E10-6BB81BEAFA68}.Debug|ARM.Build.0 = Debug|ARM
		{7D13A55B-19F2-4944-8E10-6BB81BEAFA68}.Debug|iPhone.ActiveCfg = Debug|Any CPU
		{7D13A55B-19F2-4944-8E10-6BB81BEAFA68}.Debug|iPhoneSimulator.ActiveCfg = Debug|Any CPU
		{7D13A55B-19F2-4944-8E10-6BB81BEAFA68}.Debug|Mixed Platforms.ActiveCfg = Debug|x86
		{7D13A55B-19F2-4944-8E10-6BB81BEAFA68}.Debug|Mixed Platforms.Build.0 = Debug|x86
		{7D13A55B-19F2-4944-8E10-6BB81BEAFA68}.Debug|x86.ActiveCfg = Debug|x86
		{7D13A55B-19F2-4944-8E10-6BB81BEAFA68}.Debug|x86.Build.0 = Debug|x86
		{7D13A55B-19F2-4944-8E10-6BB81BEAFA68}.Release|Any CPU.ActiveCfg = Release|Any CPU
		{7D13A55B-19F2-4944-8E10-6BB81BEAFA68}.Release|Any CPU.Build.0 = Release|Any CPU
		{7D13A55B-19F2-4944-8E10-6BB81BEAFA68}.Release|ARM.ActiveCfg = Release|ARM
		{7D13A55B-19F2-4944-8E10-6BB81BEAFA68}.Release|ARM.Build.0 = Release|ARM
		{7D13A55B-19F2-4944-8E10-6BB81BEAFA68}.Release|iPhone.ActiveCfg = Release|Any CPU
		{7D13A55B-19F2-4944-8E10-6BB81BEAFA68}.Release|iPhoneSimulator.ActiveCfg = Release|Any CPU
		{7D13A55B-19F2-4944-8E10-6BB81BEAFA68}.Release|Mixed Platforms.ActiveCfg = Release|x86
		{7D13A55B-19F2-4944-8E10-6BB81BEAFA68}.Release|Mixed Platforms.Build.0 = Release|x86
		{7D13A55B-19F2-4944-8E10-6BB81BEAFA68}.Release|x86.ActiveCfg = Release|x86
		{7D13A55B-19F2-4944-8E10-6BB81BEAFA68}.Release|x86.Build.0 = Release|x86
		{6AB65A58-4958-4377-821A-107F65D66110}.AdHoc|Any CPU.ActiveCfg = Release|Any CPU
		{6AB65A58-4958-4377-821A-107F65D66110}.AdHoc|Any CPU.Build.0 = Release|Any CPU
		{6AB65A58-4958-4377-821A-107F65D66110}.AdHoc|Any CPU.Deploy.0 = Release|Any CPU
		{6AB65A58-4958-4377-821A-107F65D66110}.AdHoc|ARM.ActiveCfg = Release|Any CPU
		{6AB65A58-4958-4377-821A-107F65D66110}.AdHoc|iPhone.ActiveCfg = Release|Any CPU
		{6AB65A58-4958-4377-821A-107F65D66110}.AdHoc|iPhoneSimulator.ActiveCfg = Release|Any CPU
		{6AB65A58-4958-4377-821A-107F65D66110}.AdHoc|Mixed Platforms.ActiveCfg = Release|Any CPU
		{6AB65A58-4958-4377-821A-107F65D66110}.AdHoc|Mixed Platforms.Build.0 = Release|Any CPU
		{6AB65A58-4958-4377-821A-107F65D66110}.AdHoc|Mixed Platforms.Deploy.0 = Release|Any CPU
		{6AB65A58-4958-4377-821A-107F65D66110}.AdHoc|x86.ActiveCfg = Release|Any CPU
		{6AB65A58-4958-4377-821A-107F65D66110}.AppStore|Any CPU.ActiveCfg = Release|Any CPU
		{6AB65A58-4958-4377-821A-107F65D66110}.AppStore|Any CPU.Build.0 = Release|Any CPU
		{6AB65A58-4958-4377-821A-107F65D66110}.AppStore|Any CPU.Deploy.0 = Release|Any CPU
		{6AB65A58-4958-4377-821A-107F65D66110}.AppStore|ARM.ActiveCfg = Release|Any CPU
		{6AB65A58-4958-4377-821A-107F65D66110}.AppStore|iPhone.ActiveCfg = Release|Any CPU
		{6AB65A58-4958-4377-821A-107F65D66110}.AppStore|iPhoneSimulator.ActiveCfg = Release|Any CPU
		{6AB65A58-4958-4377-821A-107F65D66110}.AppStore|Mixed Platforms.ActiveCfg = Release|Any CPU
		{6AB65A58-4958-4377-821A-107F65D66110}.AppStore|Mixed Platforms.Build.0 = Release|Any CPU
		{6AB65A58-4958-4377-821A-107F65D66110}.AppStore|Mixed Platforms.Deploy.0 = Release|Any CPU
		{6AB65A58-4958-4377-821A-107F65D66110}.AppStore|x86.ActiveCfg = Release|Any CPU
		{6AB65A58-4958-4377-821A-107F65D66110}.Debug|Any CPU.ActiveCfg = Debug|Any CPU
		{6AB65A58-4958-4377-821A-107F65D66110}.Debug|Any CPU.Build.0 = Debug|Any CPU
		{6AB65A58-4958-4377-821A-107F65D66110}.Debug|Any CPU.Deploy.0 = Debug|Any CPU
		{6AB65A58-4958-4377-821A-107F65D66110}.Debug|ARM.ActiveCfg = Debug|Any CPU
		{6AB65A58-4958-4377-821A-107F65D66110}.Debug|iPhone.ActiveCfg = Debug|Any CPU
		{6AB65A58-4958-4377-821A-107F65D66110}.Debug|iPhoneSimulator.ActiveCfg = Debug|Any CPU
		{6AB65A58-4958-4377-821A-107F65D66110}.Debug|Mixed Platforms.ActiveCfg = Debug|Any CPU
		{6AB65A58-4958-4377-821A-107F65D66110}.Debug|Mixed Platforms.Build.0 = Debug|Any CPU
		{6AB65A58-4958-4377-821A-107F65D66110}.Debug|Mixed Platforms.Deploy.0 = Debug|Any CPU
		{6AB65A58-4958-4377-821A-107F65D66110}.Debug|x86.ActiveCfg = Debug|Any CPU
		{6AB65A58-4958-4377-821A-107F65D66110}.Release|Any CPU.ActiveCfg = Release|Any CPU
		{6AB65A58-4958-4377-821A-107F65D66110}.Release|Any CPU.Build.0 = Release|Any CPU
		{6AB65A58-4958-4377-821A-107F65D66110}.Release|Any CPU.Deploy.0 = Release|Any CPU
		{6AB65A58-4958-4377-821A-107F65D66110}.Release|ARM.ActiveCfg = Release|Any CPU
		{6AB65A58-4958-4377-821A-107F65D66110}.Release|iPhone.ActiveCfg = Release|Any CPU
		{6AB65A58-4958-4377-821A-107F65D66110}.Release|iPhoneSimulator.ActiveCfg = Release|Any CPU
		{6AB65A58-4958-4377-821A-107F65D66110}.Release|Mixed Platforms.ActiveCfg = Release|Any CPU
		{6AB65A58-4958-4377-821A-107F65D66110}.Release|Mixed Platforms.Build.0 = Release|Any CPU
		{6AB65A58-4958-4377-821A-107F65D66110}.Release|Mixed Platforms.Deploy.0 = Release|Any CPU
		{6AB65A58-4958-4377-821A-107F65D66110}.Release|x86.ActiveCfg = Release|Any CPU
		{2F764239-7329-472E-B42D-F9DB17A02F55}.AdHoc|Any CPU.ActiveCfg = Release|Any CPU
		{2F764239-7329-472E-B42D-F9DB17A02F55}.AdHoc|Any CPU.Build.0 = Release|Any CPU
		{2F764239-7329-472E-B42D-F9DB17A02F55}.AdHoc|Any CPU.Deploy.0 = Release|Any CPU
		{2F764239-7329-472E-B42D-F9DB17A02F55}.AdHoc|ARM.ActiveCfg = Release|ARM
		{2F764239-7329-472E-B42D-F9DB17A02F55}.AdHoc|ARM.Build.0 = Release|ARM
		{2F764239-7329-472E-B42D-F9DB17A02F55}.AdHoc|ARM.Deploy.0 = Release|ARM
		{2F764239-7329-472E-B42D-F9DB17A02F55}.AdHoc|iPhone.ActiveCfg = Release|Any CPU
		{2F764239-7329-472E-B42D-F9DB17A02F55}.AdHoc|iPhoneSimulator.ActiveCfg = Release|Any CPU
		{2F764239-7329-472E-B42D-F9DB17A02F55}.AdHoc|Mixed Platforms.ActiveCfg = Release|x86
		{2F764239-7329-472E-B42D-F9DB17A02F55}.AdHoc|Mixed Platforms.Build.0 = Release|x86
		{2F764239-7329-472E-B42D-F9DB17A02F55}.AdHoc|Mixed Platforms.Deploy.0 = Release|x86
		{2F764239-7329-472E-B42D-F9DB17A02F55}.AdHoc|x86.ActiveCfg = Release|x86
		{2F764239-7329-472E-B42D-F9DB17A02F55}.AdHoc|x86.Build.0 = Release|x86
		{2F764239-7329-472E-B42D-F9DB17A02F55}.AdHoc|x86.Deploy.0 = Release|x86
		{2F764239-7329-472E-B42D-F9DB17A02F55}.AppStore|Any CPU.ActiveCfg = Release|Any CPU
		{2F764239-7329-472E-B42D-F9DB17A02F55}.AppStore|Any CPU.Build.0 = Release|Any CPU
		{2F764239-7329-472E-B42D-F9DB17A02F55}.AppStore|Any CPU.Deploy.0 = Release|Any CPU
		{2F764239-7329-472E-B42D-F9DB17A02F55}.AppStore|ARM.ActiveCfg = Release|ARM
		{2F764239-7329-472E-B42D-F9DB17A02F55}.AppStore|ARM.Build.0 = Release|ARM
		{2F764239-7329-472E-B42D-F9DB17A02F55}.AppStore|ARM.Deploy.0 = Release|ARM
		{2F764239-7329-472E-B42D-F9DB17A02F55}.AppStore|iPhone.ActiveCfg = Release|Any CPU
		{2F764239-7329-472E-B42D-F9DB17A02F55}.AppStore|iPhoneSimulator.ActiveCfg = Release|Any CPU
		{2F764239-7329-472E-B42D-F9DB17A02F55}.AppStore|Mixed Platforms.ActiveCfg = Release|x86
		{2F764239-7329-472E-B42D-F9DB17A02F55}.AppStore|Mixed Platforms.Build.0 = Release|x86
		{2F764239-7329-472E-B42D-F9DB17A02F55}.AppStore|Mixed Platforms.Deploy.0 = Release|x86
		{2F764239-7329-472E-B42D-F9DB17A02F55}.AppStore|x86.ActiveCfg = Release|x86
		{2F764239-7329-472E-B42D-F9DB17A02F55}.AppStore|x86.Build.0 = Release|x86
		{2F764239-7329-472E-B42D-F9DB17A02F55}.AppStore|x86.Deploy.0 = Release|x86
		{2F764239-7329-472E-B42D-F9DB17A02F55}.Debug|Any CPU.ActiveCfg = Debug|Any CPU
		{2F764239-7329-472E-B42D-F9DB17A02F55}.Debug|Any CPU.Build.0 = Debug|Any CPU
		{2F764239-7329-472E-B42D-F9DB17A02F55}.Debug|Any CPU.Deploy.0 = Debug|Any CPU
		{2F764239-7329-472E-B42D-F9DB17A02F55}.Debug|ARM.ActiveCfg = Debug|ARM
		{2F764239-7329-472E-B42D-F9DB17A02F55}.Debug|ARM.Build.0 = Debug|ARM
		{2F764239-7329-472E-B42D-F9DB17A02F55}.Debug|ARM.Deploy.0 = Debug|ARM
		{2F764239-7329-472E-B42D-F9DB17A02F55}.Debug|iPhone.ActiveCfg = Debug|Any CPU
		{2F764239-7329-472E-B42D-F9DB17A02F55}.Debug|iPhoneSimulator.ActiveCfg = Debug|Any CPU
		{2F764239-7329-472E-B42D-F9DB17A02F55}.Debug|Mixed Platforms.ActiveCfg = Debug|x86
		{2F764239-7329-472E-B42D-F9DB17A02F55}.Debug|Mixed Platforms.Build.0 = Debug|x86
		{2F764239-7329-472E-B42D-F9DB17A02F55}.Debug|Mixed Platforms.Deploy.0 = Debug|x86
		{2F764239-7329-472E-B42D-F9DB17A02F55}.Debug|x86.ActiveCfg = Debug|x86
		{2F764239-7329-472E-B42D-F9DB17A02F55}.Debug|x86.Build.0 = Debug|x86
		{2F764239-7329-472E-B42D-F9DB17A02F55}.Debug|x86.Deploy.0 = Debug|x86
		{2F764239-7329-472E-B42D-F9DB17A02F55}.Release|Any CPU.ActiveCfg = Release|Any CPU
		{2F764239-7329-472E-B42D-F9DB17A02F55}.Release|Any CPU.Build.0 = Release|Any CPU
		{2F764239-7329-472E-B42D-F9DB17A02F55}.Release|Any CPU.Deploy.0 = Release|Any CPU
		{2F764239-7329-472E-B42D-F9DB17A02F55}.Release|ARM.ActiveCfg = Release|ARM
		{2F764239-7329-472E-B42D-F9DB17A02F55}.Release|ARM.Build.0 = Release|ARM
		{2F764239-7329-472E-B42D-F9DB17A02F55}.Release|ARM.Deploy.0 = Release|ARM
		{2F764239-7329-472E-B42D-F9DB17A02F55}.Release|iPhone.ActiveCfg = Release|Any CPU
		{2F764239-7329-472E-B42D-F9DB17A02F55}.Release|iPhoneSimulator.ActiveCfg = Release|Any CPU
		{2F764239-7329-472E-B42D-F9DB17A02F55}.Release|Mixed Platforms.ActiveCfg = Release|x86
		{2F764239-7329-472E-B42D-F9DB17A02F55}.Release|Mixed Platforms.Build.0 = Release|x86
		{2F764239-7329-472E-B42D-F9DB17A02F55}.Release|Mixed Platforms.Deploy.0 = Release|x86
		{2F764239-7329-472E-B42D-F9DB17A02F55}.Release|x86.ActiveCfg = Release|x86
		{2F764239-7329-472E-B42D-F9DB17A02F55}.Release|x86.Build.0 = Release|x86
		{2F764239-7329-472E-B42D-F9DB17A02F55}.Release|x86.Deploy.0 = Release|x86
		{0BB5AA0C-0D8D-45AD-9775-ACF7DA3942BD}.AdHoc|Any CPU.ActiveCfg = Release|Any CPU
		{0BB5AA0C-0D8D-45AD-9775-ACF7DA3942BD}.AdHoc|Any CPU.Build.0 = Release|Any CPU
		{0BB5AA0C-0D8D-45AD-9775-ACF7DA3942BD}.AdHoc|ARM.ActiveCfg = Release|Any CPU
		{0BB5AA0C-0D8D-45AD-9775-ACF7DA3942BD}.AdHoc|iPhone.ActiveCfg = Release|Any CPU
		{0BB5AA0C-0D8D-45AD-9775-ACF7DA3942BD}.AdHoc|iPhoneSimulator.ActiveCfg = Release|Any CPU
		{0BB5AA0C-0D8D-45AD-9775-ACF7DA3942BD}.AdHoc|Mixed Platforms.ActiveCfg = Release|Any CPU
		{0BB5AA0C-0D8D-45AD-9775-ACF7DA3942BD}.AdHoc|Mixed Platforms.Build.0 = Release|Any CPU
		{0BB5AA0C-0D8D-45AD-9775-ACF7DA3942BD}.AdHoc|x86.ActiveCfg = Release|Any CPU
		{0BB5AA0C-0D8D-45AD-9775-ACF7DA3942BD}.AppStore|Any CPU.ActiveCfg = Release|Any CPU
		{0BB5AA0C-0D8D-45AD-9775-ACF7DA3942BD}.AppStore|Any CPU.Build.0 = Release|Any CPU
		{0BB5AA0C-0D8D-45AD-9775-ACF7DA3942BD}.AppStore|ARM.ActiveCfg = Release|Any CPU
		{0BB5AA0C-0D8D-45AD-9775-ACF7DA3942BD}.AppStore|iPhone.ActiveCfg = Release|Any CPU
		{0BB5AA0C-0D8D-45AD-9775-ACF7DA3942BD}.AppStore|iPhoneSimulator.ActiveCfg = Release|Any CPU
		{0BB5AA0C-0D8D-45AD-9775-ACF7DA3942BD}.AppStore|Mixed Platforms.ActiveCfg = Release|Any CPU
		{0BB5AA0C-0D8D-45AD-9775-ACF7DA3942BD}.AppStore|Mixed Platforms.Build.0 = Release|Any CPU
		{0BB5AA0C-0D8D-45AD-9775-ACF7DA3942BD}.AppStore|x86.ActiveCfg = Release|Any CPU
		{0BB5AA0C-0D8D-45AD-9775-ACF7DA3942BD}.Debug|Any CPU.ActiveCfg = Debug|Any CPU
		{0BB5AA0C-0D8D-45AD-9775-ACF7DA3942BD}.Debug|Any CPU.Build.0 = Debug|Any CPU
		{0BB5AA0C-0D8D-45AD-9775-ACF7DA3942BD}.Debug|ARM.ActiveCfg = Debug|Any CPU
		{0BB5AA0C-0D8D-45AD-9775-ACF7DA3942BD}.Debug|iPhone.ActiveCfg = Debug|Any CPU
		{0BB5AA0C-0D8D-45AD-9775-ACF7DA3942BD}.Debug|iPhoneSimulator.ActiveCfg = Debug|Any CPU
		{0BB5AA0C-0D8D-45AD-9775-ACF7DA3942BD}.Debug|Mixed Platforms.ActiveCfg = Debug|Any CPU
		{0BB5AA0C-0D8D-45AD-9775-ACF7DA3942BD}.Debug|Mixed Platforms.Build.0 = Debug|Any CPU
		{0BB5AA0C-0D8D-45AD-9775-ACF7DA3942BD}.Debug|x86.ActiveCfg = Debug|Any CPU
		{0BB5AA0C-0D8D-45AD-9775-ACF7DA3942BD}.Release|Any CPU.ActiveCfg = Release|Any CPU
		{0BB5AA0C-0D8D-45AD-9775-ACF7DA3942BD}.Release|Any CPU.Build.0 = Release|Any CPU
		{0BB5AA0C-0D8D-45AD-9775-ACF7DA3942BD}.Release|ARM.ActiveCfg = Release|Any CPU
		{0BB5AA0C-0D8D-45AD-9775-ACF7DA3942BD}.Release|iPhone.ActiveCfg = Release|Any CPU
		{0BB5AA0C-0D8D-45AD-9775-ACF7DA3942BD}.Release|iPhoneSimulator.ActiveCfg = Release|Any CPU
		{0BB5AA0C-0D8D-45AD-9775-ACF7DA3942BD}.Release|Mixed Platforms.ActiveCfg = Release|Any CPU
		{0BB5AA0C-0D8D-45AD-9775-ACF7DA3942BD}.Release|Mixed Platforms.Build.0 = Release|Any CPU
		{0BB5AA0C-0D8D-45AD-9775-ACF7DA3942BD}.Release|x86.ActiveCfg = Release|Any CPU
		{250CA996-D2A1-47EA-B932-7D0369E0DD06}.AdHoc|Any CPU.ActiveCfg = Release|Any CPU
		{250CA996-D2A1-47EA-B932-7D0369E0DD06}.AdHoc|Any CPU.Build.0 = Release|Any CPU
		{250CA996-D2A1-47EA-B932-7D0369E0DD06}.AdHoc|ARM.ActiveCfg = Release|Any CPU
		{250CA996-D2A1-47EA-B932-7D0369E0DD06}.AdHoc|iPhone.ActiveCfg = Release|Any CPU
		{250CA996-D2A1-47EA-B932-7D0369E0DD06}.AdHoc|iPhoneSimulator.ActiveCfg = Release|Any CPU
		{250CA996-D2A1-47EA-B932-7D0369E0DD06}.AdHoc|Mixed Platforms.ActiveCfg = Release|Any CPU
		{250CA996-D2A1-47EA-B932-7D0369E0DD06}.AdHoc|Mixed Platforms.Build.0 = Release|Any CPU
		{250CA996-D2A1-47EA-B932-7D0369E0DD06}.AdHoc|x86.ActiveCfg = Release|Any CPU
		{250CA996-D2A1-47EA-B932-7D0369E0DD06}.AppStore|Any CPU.ActiveCfg = Release|Any CPU
		{250CA996-D2A1-47EA-B932-7D0369E0DD06}.AppStore|Any CPU.Build.0 = Release|Any CPU
		{250CA996-D2A1-47EA-B932-7D0369E0DD06}.AppStore|ARM.ActiveCfg = Release|Any CPU
		{250CA996-D2A1-47EA-B932-7D0369E0DD06}.AppStore|iPhone.ActiveCfg = Release|Any CPU
		{250CA996-D2A1-47EA-B932-7D0369E0DD06}.AppStore|iPhoneSimulator.ActiveCfg = Release|Any CPU
		{250CA996-D2A1-47EA-B932-7D0369E0DD06}.AppStore|Mixed Platforms.ActiveCfg = Release|Any CPU
		{250CA996-D2A1-47EA-B932-7D0369E0DD06}.AppStore|Mixed Platforms.Build.0 = Release|Any CPU
		{250CA996-D2A1-47EA-B932-7D0369E0DD06}.AppStore|x86.ActiveCfg = Release|Any CPU
		{250CA996-D2A1-47EA-B932-7D0369E0DD06}.Debug|Any CPU.ActiveCfg = Debug|Any CPU
		{250CA996-D2A1-47EA-B932-7D0369E0DD06}.Debug|Any CPU.Build.0 = Debug|Any CPU
		{250CA996-D2A1-47EA-B932-7D0369E0DD06}.Debug|ARM.ActiveCfg = Debug|Any CPU
		{250CA996-D2A1-47EA-B932-7D0369E0DD06}.Debug|iPhone.ActiveCfg = Debug|Any CPU
		{250CA996-D2A1-47EA-B932-7D0369E0DD06}.Debug|iPhoneSimulator.ActiveCfg = Debug|Any CPU
		{250CA996-D2A1-47EA-B932-7D0369E0DD06}.Debug|Mixed Platforms.ActiveCfg = Debug|Any CPU
		{250CA996-D2A1-47EA-B932-7D0369E0DD06}.Debug|Mixed Platforms.Build.0 = Debug|Any CPU
		{250CA996-D2A1-47EA-B932-7D0369E0DD06}.Debug|x86.ActiveCfg = Debug|Any CPU
		{250CA996-D2A1-47EA-B932-7D0369E0DD06}.Release|Any CPU.ActiveCfg = Release|Any CPU
		{250CA996-D2A1-47EA-B932-7D0369E0DD06}.Release|Any CPU.Build.0 = Release|Any CPU
		{250CA996-D2A1-47EA-B932-7D0369E0DD06}.Release|ARM.ActiveCfg = Release|Any CPU
		{250CA996-D2A1-47EA-B932-7D0369E0DD06}.Release|iPhone.ActiveCfg = Release|Any CPU
		{250CA996-D2A1-47EA-B932-7D0369E0DD06}.Release|iPhoneSimulator.ActiveCfg = Release|Any CPU
		{250CA996-D2A1-47EA-B932-7D0369E0DD06}.Release|Mixed Platforms.ActiveCfg = Release|Any CPU
		{250CA996-D2A1-47EA-B932-7D0369E0DD06}.Release|Mixed Platforms.Build.0 = Release|Any CPU
		{250CA996-D2A1-47EA-B932-7D0369E0DD06}.Release|x86.ActiveCfg = Release|Any CPU
	EndGlobalSection
	GlobalSection(SolutionProperties) = preSolution
		HideSolutionNode = FALSE
	EndGlobalSection
	GlobalSection(NestedProjects) = preSolution
		{4F743690-64BD-4B1F-BD75-872C910A94E2} = {BC3E8922-F188-4E4C-99F1-D2F02485F0F4}
		{4618CCFC-5895-4C44-AD25-8BF312A96B86} = {BC3E8922-F188-4E4C-99F1-D2F02485F0F4}
		{A658FEA2-1B62-4A50-A1C5-0A6ADE4655D3} = {BC3E8922-F188-4E4C-99F1-D2F02485F0F4}
		{B8448676-C9FE-42A3-A30B-F2FFA096E7D9} = {BC3E8922-F188-4E4C-99F1-D2F02485F0F4}
		{7D13A55B-19F2-4944-8E10-6BB81BEAFA68} = {BC3E8922-F188-4E4C-99F1-D2F02485F0F4}
		{0BB5AA0C-0D8D-45AD-9775-ACF7DA3942BD} = {BC3E8922-F188-4E4C-99F1-D2F02485F0F4}
	EndGlobalSection
	GlobalSection(MonoDevelopProperties) = preSolution
		StartupItem = BestSellers.Touch.csproj
		Policies = $0
		$0.DotNetNamingPolicy = $1
		$1.DirectoryNamespaceAssociation = None
		$1.ResourceNamePolicy = FileFormatDefault
		$0.TextStylePolicy = $4
		$2.inheritsSet = null
		$2.scope = text/x-csharp
		$0.CSharpFormattingPolicy = $3
		$3.inheritsSet = Mono
		$3.inheritsScope = text/x-csharp
		$3.scope = text/x-csharp
		$4.FileWidth = 120
		$4.TabWidth = 4
		$4.inheritsSet = Mono
		$4.inheritsScope = text/plain
		$4.scope = text/plain
		$0.StandardHeader = $5
		$5.Text = 
		$5.IncludeInNewFiles = True
		$0.VersionControlPolicy = $6
		$6.inheritsSet = Mono
		$0.ChangeLogPolicy = $7
		$7.UpdateMode = None
		$7.MessageStyle = $8
		$8.LineAlign = 0
		$7.inheritsSet = Mono
	EndGlobalSection
EndGlobal
