
Microsoft Visual Studio Solution File, Format Version 11.00
# Visual Studio 2010
Project("{FAE04EC0-301F-11D3-BF4B-00C04F79EFBC}") = "WebHybrid.WindowsPhone", "WebHybrid.WindowsPhone.csproj", "{4D5DB726-7781-4089-9E7B-376862F8D5FA}"
EndProject
Project("{FAE04EC0-301F-11D3-BF4B-00C04F79EFBC}") = "MonoCross.Utilities.WP", "..\..\MonoCross.Utilities\MonoCross.Utilities.WP.csproj", "{C4DE5AF2-F6F4-4447-B6A9-61F7BF4EB123}"
EndProject
Project("{FAE04EC0-301F-11D3-BF4B-00C04F79EFBC}") = "MonoCross.Navigation.WP", "..\..\MonoCross.Navigation\MonoCross.Navigation.WP.csproj", "{76103962-3E57-4087-AAEF-65FA0BAB40C1}"
EndProject
Global
	GlobalSection(SolutionConfigurationPlatforms) = preSolution
		Debug|Any CPU = Debug|Any CPU
		Release|Any CPU = Release|Any CPU
	EndGlobalSection
	GlobalSection(ProjectConfigurationPlatforms) = postSolution
		{4D5DB726-7781-4089-9E7B-376862F8D5FA}.Debug|Any CPU.ActiveCfg = Debug|Any CPU
		{4D5DB726-7781-4089-9E7B-376862F8D5FA}.Debug|Any CPU.Build.0 = Debug|Any CPU
		{4D5DB726-7781-4089-9E7B-376862F8D5FA}.Debug|Any CPU.Deploy.0 = Debug|Any CPU
		{4D5DB726-7781-4089-9E7B-376862F8D5FA}.Release|Any CPU.ActiveCfg = Release|Any CPU
		{4D5DB726-7781-4089-9E7B-376862F8D5FA}.Release|Any CPU.Build.0 = Release|Any CPU
		{4D5DB726-7781-4089-9E7B-376862F8D5FA}.Release|Any CPU.Deploy.0 = Release|Any CPU
		{C4DE5AF2-F6F4-4447-B6A9-61F7BF4EB123}.Debug|Any CPU.ActiveCfg = Debug|Any CPU
		{C4DE5AF2-F6F4-4447-B6A9-61F7BF4EB123}.Debug|Any CPU.Build.0 = Debug|Any CPU
		{C4DE5AF2-F6F4-4447-B6A9-61F7BF4EB123}.Release|Any CPU.ActiveCfg = Release|Any CPU
		{C4DE5AF2-F6F4-4447-B6A9-61F7BF4EB123}.Release|Any CPU.Build.0 = Release|Any CPU
		{76103962-3E57-4087-AAEF-65FA0BAB40C1}.Debug|Any CPU.ActiveCfg = Debug|Any CPU
		{76103962-3E57-4087-AAEF-65FA0BAB40C1}.Debug|Any CPU.Build.0 = Debug|Any CPU
		{76103962-3E57-4087-AAEF-65FA0BAB40C1}.Release|Any CPU.ActiveCfg = Release|Any CPU
		{76103962-3E57-4087-AAEF-65FA0BAB40C1}.Release|Any CPU.Build.0 = Release|Any CPU
	EndGlobalSection
	GlobalSection(SolutionProperties) = preSolution
		HideSolutionNode = FALSE
	EndGlobalSection
EndGlobal
