
Microsoft Visual Studio Solution File, Format Version 11.00
# Visual Studio 2010
Project("{FAE04EC0-301F-11D3-BF4B-00C04F79EFBC}") = "CustomerManagement.WPF", "CustomerManagement.WPF.csproj", "{DE73B8DC-CF50-4B3C-BF1D-D0F3AA9EDE45}"
EndProject
Project("{FAE04EC0-301F-11D3-BF4B-00C04F79EFBC}") = "CustomerManagement", "..\CustomerManagement\CustomerManagement.csproj", "{183C1DE6-903B-419C-B19A-26145CA4A93A}"
EndProject
Project("{FAE04EC0-301F-11D3-BF4B-00C04F79EFBC}") = "MonoCross.Navigation", "..\..\MonoCross.Navigation\MonoCross.Navigation.csproj", "{4618CCFC-5895-4C44-AD25-8BF312A96B86}"
EndProject
Project("{FAE04EC0-301F-11D3-BF4B-00C04F79EFBC}") = "CustomerManagement.Data", "..\..\CustomerManagement.Data\CustomerManagement.Data.csproj", "{A4982B76-3CBC-4184-8B05-DF46CF5960B2}"
EndProject
Project("{FAE04EC0-301F-11D3-BF4B-00C04F79EFBC}") = "CustomerManagement.Shared", "..\..\CustomerManagement.Shared\CustomerManagement.Shared.csproj", "{77EFE548-9D3B-4635-925C-4A9D7281BFE3}"
EndProject
Project("{2150E333-8FDC-42A3-9474-1A3956D46DE8}") = "Container", "Container", "{6CBC212E-C5B4-40A1-9981-27F5AF8A4ECE}"
EndProject
Project("{2150E333-8FDC-42A3-9474-1A3956D46DE8}") = "Data", "Data", "{6DAE7F0E-E78F-4BB8-A9DA-8DFB2850C5B0}"
EndProject
Project("{2150E333-8FDC-42A3-9474-1A3956D46DE8}") = "Framework", "Framework", "{F8456F77-AA8B-4786-A841-3D0FA79A9718}"
EndProject
Project("{FAE04EC0-301F-11D3-BF4B-00C04F79EFBC}") = "MonoCross.WPF", "..\..\MonoCross.WPF\MonoCross.WPF.csproj", "{D71836A7-65C9-45F7-9D48-D90F4A911F0A}"
EndProject
Global
	GlobalSection(SolutionConfigurationPlatforms) = preSolution
		Debug|Any CPU = Debug|Any CPU
		Debug|Mixed Platforms = Debug|Mixed Platforms
		Debug|x86 = Debug|x86
		Release|Any CPU = Release|Any CPU
		Release|Mixed Platforms = Release|Mixed Platforms
		Release|x86 = Release|x86
	EndGlobalSection
	GlobalSection(ProjectConfigurationPlatforms) = postSolution
		{DE73B8DC-CF50-4B3C-BF1D-D0F3AA9EDE45}.Debug|Any CPU.ActiveCfg = Debug|x86
		{DE73B8DC-CF50-4B3C-BF1D-D0F3AA9EDE45}.Debug|Mixed Platforms.ActiveCfg = Debug|x86
		{DE73B8DC-CF50-4B3C-BF1D-D0F3AA9EDE45}.Debug|Mixed Platforms.Build.0 = Debug|x86
		{DE73B8DC-CF50-4B3C-BF1D-D0F3AA9EDE45}.Debug|x86.ActiveCfg = Debug|x86
		{DE73B8DC-CF50-4B3C-BF1D-D0F3AA9EDE45}.Debug|x86.Build.0 = Debug|x86
		{DE73B8DC-CF50-4B3C-BF1D-D0F3AA9EDE45}.Release|Any CPU.ActiveCfg = Release|x86
		{DE73B8DC-CF50-4B3C-BF1D-D0F3AA9EDE45}.Release|Mixed Platforms.ActiveCfg = Release|x86
		{DE73B8DC-CF50-4B3C-BF1D-D0F3AA9EDE45}.Release|Mixed Platforms.Build.0 = Release|x86
		{DE73B8DC-CF50-4B3C-BF1D-D0F3AA9EDE45}.Release|x86.ActiveCfg = Release|x86
		{DE73B8DC-CF50-4B3C-BF1D-D0F3AA9EDE45}.Release|x86.Build.0 = Release|x86
		{183C1DE6-903B-419C-B19A-26145CA4A93A}.Debug|Any CPU.ActiveCfg = Debug|Any CPU
		{183C1DE6-903B-419C-B19A-26145CA4A93A}.Debug|Any CPU.Build.0 = Debug|Any CPU
		{183C1DE6-903B-419C-B19A-26145CA4A93A}.Debug|Mixed Platforms.ActiveCfg = Debug|Any CPU
		{183C1DE6-903B-419C-B19A-26145CA4A93A}.Debug|Mixed Platforms.Build.0 = Debug|Any CPU
		{183C1DE6-903B-419C-B19A-26145CA4A93A}.Debug|x86.ActiveCfg = Debug|Any CPU
		{183C1DE6-903B-419C-B19A-26145CA4A93A}.Release|Any CPU.ActiveCfg = Release|Any CPU
		{183C1DE6-903B-419C-B19A-26145CA4A93A}.Release|Any CPU.Build.0 = Release|Any CPU
		{183C1DE6-903B-419C-B19A-26145CA4A93A}.Release|Mixed Platforms.ActiveCfg = Release|Any CPU
		{183C1DE6-903B-419C-B19A-26145CA4A93A}.Release|Mixed Platforms.Build.0 = Release|Any CPU
		{183C1DE6-903B-419C-B19A-26145CA4A93A}.Release|x86.ActiveCfg = Release|Any CPU
		{4618CCFC-5895-4C44-AD25-8BF312A96B86}.Debug|Any CPU.ActiveCfg = Debug|Any CPU
		{4618CCFC-5895-4C44-AD25-8BF312A96B86}.Debug|Any CPU.Build.0 = Debug|Any CPU
		{4618CCFC-5895-4C44-AD25-8BF312A96B86}.Debug|Mixed Platforms.ActiveCfg = Debug|Any CPU
		{4618CCFC-5895-4C44-AD25-8BF312A96B86}.Debug|Mixed Platforms.Build.0 = Debug|Any CPU
		{4618CCFC-5895-4C44-AD25-8BF312A96B86}.Debug|x86.ActiveCfg = Debug|Any CPU
		{4618CCFC-5895-4C44-AD25-8BF312A96B86}.Release|Any CPU.ActiveCfg = Release|Any CPU
		{4618CCFC-5895-4C44-AD25-8BF312A96B86}.Release|Any CPU.Build.0 = Release|Any CPU
		{4618CCFC-5895-4C44-AD25-8BF312A96B86}.Release|Mixed Platforms.ActiveCfg = Release|Any CPU
		{4618CCFC-5895-4C44-AD25-8BF312A96B86}.Release|Mixed Platforms.Build.0 = Release|Any CPU
		{4618CCFC-5895-4C44-AD25-8BF312A96B86}.Release|x86.ActiveCfg = Release|Any CPU
		{A4982B76-3CBC-4184-8B05-DF46CF5960B2}.Debug|Any CPU.ActiveCfg = Debug|Any CPU
		{A4982B76-3CBC-4184-8B05-DF46CF5960B2}.Debug|Any CPU.Build.0 = Debug|Any CPU
		{A4982B76-3CBC-4184-8B05-DF46CF5960B2}.Debug|Mixed Platforms.ActiveCfg = Debug|Any CPU
		{A4982B76-3CBC-4184-8B05-DF46CF5960B2}.Debug|Mixed Platforms.Build.0 = Debug|Any CPU
		{A4982B76-3CBC-4184-8B05-DF46CF5960B2}.Debug|x86.ActiveCfg = Debug|Any CPU
		{A4982B76-3CBC-4184-8B05-DF46CF5960B2}.Release|Any CPU.ActiveCfg = Release|Any CPU
		{A4982B76-3CBC-4184-8B05-DF46CF5960B2}.Release|Any CPU.Build.0 = Release|Any CPU
		{A4982B76-3CBC-4184-8B05-DF46CF5960B2}.Release|Mixed Platforms.ActiveCfg = Release|Any CPU
		{A4982B76-3CBC-4184-8B05-DF46CF5960B2}.Release|Mixed Platforms.Build.0 = Release|Any CPU
		{A4982B76-3CBC-4184-8B05-DF46CF5960B2}.Release|x86.ActiveCfg = Release|Any CPU
		{77EFE548-9D3B-4635-925C-4A9D7281BFE3}.Debug|Any CPU.ActiveCfg = Debug|Any CPU
		{77EFE548-9D3B-4635-925C-4A9D7281BFE3}.Debug|Any CPU.Build.0 = Debug|Any CPU
		{77EFE548-9D3B-4635-925C-4A9D7281BFE3}.Debug|Mixed Platforms.ActiveCfg = Debug|Any CPU
		{77EFE548-9D3B-4635-925C-4A9D7281BFE3}.Debug|Mixed Platforms.Build.0 = Debug|Any CPU
		{77EFE548-9D3B-4635-925C-4A9D7281BFE3}.Debug|x86.ActiveCfg = Debug|Any CPU
		{77EFE548-9D3B-4635-925C-4A9D7281BFE3}.Release|Any CPU.ActiveCfg = Release|Any CPU
		{77EFE548-9D3B-4635-925C-4A9D7281BFE3}.Release|Any CPU.Build.0 = Release|Any CPU
		{77EFE548-9D3B-4635-925C-4A9D7281BFE3}.Release|Mixed Platforms.ActiveCfg = Release|Any CPU
		{77EFE548-9D3B-4635-925C-4A9D7281BFE3}.Release|Mixed Platforms.Build.0 = Release|Any CPU
		{77EFE548-9D3B-4635-925C-4A9D7281BFE3}.Release|x86.ActiveCfg = Release|Any CPU
		{D71836A7-65C9-45F7-9D48-D90F4A911F0A}.Debug|Any CPU.ActiveCfg = Debug|x86
		{D71836A7-65C9-45F7-9D48-D90F4A911F0A}.Debug|Mixed Platforms.ActiveCfg = Debug|x86
		{D71836A7-65C9-45F7-9D48-D90F4A911F0A}.Debug|Mixed Platforms.Build.0 = Debug|x86
		{D71836A7-65C9-45F7-9D48-D90F4A911F0A}.Debug|x86.ActiveCfg = Debug|x86
		{D71836A7-65C9-45F7-9D48-D90F4A911F0A}.Debug|x86.Build.0 = Debug|x86
		{D71836A7-65C9-45F7-9D48-D90F4A911F0A}.Release|Any CPU.ActiveCfg = Release|x86
		{D71836A7-65C9-45F7-9D48-D90F4A911F0A}.Release|Mixed Platforms.ActiveCfg = Release|x86
		{D71836A7-65C9-45F7-9D48-D90F4A911F0A}.Release|Mixed Platforms.Build.0 = Release|x86
		{D71836A7-65C9-45F7-9D48-D90F4A911F0A}.Release|x86.ActiveCfg = Release|x86
		{D71836A7-65C9-45F7-9D48-D90F4A911F0A}.Release|x86.Build.0 = Release|x86
	EndGlobalSection
	GlobalSection(SolutionProperties) = preSolution
		HideSolutionNode = FALSE
	EndGlobalSection
	GlobalSection(NestedProjects) = preSolution
		{DE73B8DC-CF50-4B3C-BF1D-D0F3AA9EDE45} = {6CBC212E-C5B4-40A1-9981-27F5AF8A4ECE}
		{4618CCFC-5895-4C44-AD25-8BF312A96B86} = {F8456F77-AA8B-4786-A841-3D0FA79A9718}
		{D71836A7-65C9-45F7-9D48-D90F4A911F0A} = {F8456F77-AA8B-4786-A841-3D0FA79A9718}
		{A4982B76-3CBC-4184-8B05-DF46CF5960B2} = {6DAE7F0E-E78F-4BB8-A9DA-8DFB2850C5B0}
	EndGlobalSection
EndGlobal
