
Microsoft Visual Studio Solution File, Format Version 12.00
# Visual Studio 2013
VisualStudioVersion = 12.0.21005.1
MinimumVisualStudioVersion = 10.0.40219.1
Project("{FAE04EC0-301F-11D3-BF4B-00C04F79EFBC}") = "DeviceAccess.MT", "DeviceAccess.MT\DeviceAccess.MT.csproj", "{E56444FB-DADE-42A8-B7C0-834EA93C66DC}"
EndProject
Project("{FAE04EC0-301F-11D3-BF4B-00C04F79EFBC}") = "DeviceAccess.WP", "DeviceAccess.WP\DeviceAccess.WP.csproj", "{3C17511D-0A38-42AD-A532-32A9D91D7B95}"
EndProject
Project("{FAE04EC0-301F-11D3-BF4B-00C04F79EFBC}") = "DeviceAccess.MD", "DeviceAccess.MD\DeviceAccess.MD.csproj", "{C0BBE885-5A9F-418C-81AB-945DE61C3535}"
EndProject
Global
	GlobalSection(SolutionConfigurationPlatforms) = preSolution
		Debug|Any CPU = Debug|Any CPU
		Debug|ARM = Debug|ARM
		Debug|x86 = Debug|x86
		Release|Any CPU = Release|Any CPU
		Release|ARM = Release|ARM
		Release|x86 = Release|x86
	EndGlobalSection
	GlobalSection(ProjectConfigurationPlatforms) = postSolution
		{E56444FB-DADE-42A8-B7C0-834EA93C66DC}.Debug|Any CPU.ActiveCfg = Debug|Any CPU
		{E56444FB-DADE-42A8-B7C0-834EA93C66DC}.Debug|Any CPU.Build.0 = Debug|Any CPU
		{E56444FB-DADE-42A8-B7C0-834EA93C66DC}.Debug|ARM.ActiveCfg = Debug|Any CPU
		{E56444FB-DADE-42A8-B7C0-834EA93C66DC}.Debug|x86.ActiveCfg = Debug|Any CPU
		{E56444FB-DADE-42A8-B7C0-834EA93C66DC}.Release|Any CPU.ActiveCfg = Release|Any CPU
		{E56444FB-DADE-42A8-B7C0-834EA93C66DC}.Release|Any CPU.Build.0 = Release|Any CPU
		{E56444FB-DADE-42A8-B7C0-834EA93C66DC}.Release|ARM.ActiveCfg = Release|Any CPU
		{E56444FB-DADE-42A8-B7C0-834EA93C66DC}.Release|x86.ActiveCfg = Release|Any CPU
		{3C17511D-0A38-42AD-A532-32A9D91D7B95}.Debug|Any CPU.ActiveCfg = Debug|Any CPU
		{3C17511D-0A38-42AD-A532-32A9D91D7B95}.Debug|Any CPU.Build.0 = Debug|Any CPU
		{3C17511D-0A38-42AD-A532-32A9D91D7B95}.Debug|ARM.ActiveCfg = Debug|ARM
		{3C17511D-0A38-42AD-A532-32A9D91D7B95}.Debug|ARM.Build.0 = Debug|ARM
		{3C17511D-0A38-42AD-A532-32A9D91D7B95}.Debug|x86.ActiveCfg = Debug|x86
		{3C17511D-0A38-42AD-A532-32A9D91D7B95}.Debug|x86.Build.0 = Debug|x86
		{3C17511D-0A38-42AD-A532-32A9D91D7B95}.Release|Any CPU.ActiveCfg = Release|Any CPU
		{3C17511D-0A38-42AD-A532-32A9D91D7B95}.Release|Any CPU.Build.0 = Release|Any CPU
		{3C17511D-0A38-42AD-A532-32A9D91D7B95}.Release|ARM.ActiveCfg = Release|ARM
		{3C17511D-0A38-42AD-A532-32A9D91D7B95}.Release|ARM.Build.0 = Release|ARM
		{3C17511D-0A38-42AD-A532-32A9D91D7B95}.Release|x86.ActiveCfg = Release|x86
		{3C17511D-0A38-42AD-A532-32A9D91D7B95}.Release|x86.Build.0 = Release|x86
		{C0BBE885-5A9F-418C-81AB-945DE61C3535}.Debug|Any CPU.ActiveCfg = Debug|Any CPU
		{C0BBE885-5A9F-418C-81AB-945DE61C3535}.Debug|Any CPU.Build.0 = Debug|Any CPU
		{C0BBE885-5A9F-418C-81AB-945DE61C3535}.Debug|ARM.ActiveCfg = Debug|Any CPU
		{C0BBE885-5A9F-418C-81AB-945DE61C3535}.Debug|x86.ActiveCfg = Debug|Any CPU
		{C0BBE885-5A9F-418C-81AB-945DE61C3535}.Release|Any CPU.ActiveCfg = Release|Any CPU
		{C0BBE885-5A9F-418C-81AB-945DE61C3535}.Release|Any CPU.Build.0 = Release|Any CPU
		{C0BBE885-5A9F-418C-81AB-945DE61C3535}.Release|ARM.ActiveCfg = Release|Any CPU
		{C0BBE885-5A9F-418C-81AB-945DE61C3535}.Release|x86.ActiveCfg = Release|Any CPU
	EndGlobalSection
	GlobalSection(SolutionProperties) = preSolution
		HideSolutionNode = FALSE
	EndGlobalSection
EndGlobal
