
Microsoft Visual Studio Solution File, Format Version 11.00
# Visual Studio 2010
Project("{2150E333-8FDC-42A3-9474-1A3956D46DE8}") = "Framework", "Framework", "{9A76B70D-3E2C-46F3-968F-01436AE10B6F}"
EndProject
Project("{FAE04EC0-301F-11D3-BF4B-00C04F79EFBC}") = "MonoCross.Console", "..\MonoCross.Console\MonoCross.Console.csproj", "{A658FEA2-1B62-4A50-A1C5-0A6ADE4655D3}"
EndProject
Project("{FAE04EC0-301F-11D3-BF4B-00C04F79EFBC}") = "MonoCross.Droid", "..\MonoCross.Droid\MonoCross.Droid.csproj", "{B8448676-C9FE-42A3-A30B-F2FFA096E7D9}"
EndProject
Project("{FAE04EC0-301F-11D3-BF4B-00C04F79EFBC}") = "MonoCross.Navigation", "..\MonoCross.Navigation\MonoCross.Navigation.csproj", "{4618CCFC-5895-4C44-AD25-8BF312A96B86}"
EndProject
Project("{FAE04EC0-301F-11D3-BF4B-00C04F79EFBC}") = "MonoCross.Navigation.MD", "..\MonoCross.Navigation\MonoCross.Navigation.MD.csproj", "{0D2CC54A-4716-40B9-8110-453F528810FC}"
EndProject
Project("{FAE04EC0-301F-11D3-BF4B-00C04F79EFBC}") = "MonoCross.Webkit", "..\MonoCross.Webkit\MonoCross.Webkit.csproj", "{0BB5AA0C-0D8D-45AD-9775-ACF7DA3942BD}"
EndProject
Project("{2150E333-8FDC-42A3-9474-1A3956D46DE8}") = "Template Projects", "Template Projects", "{03B48B9B-9706-4072-9183-E267452DCC31}"
EndProject
Project("{FAE04EC0-301F-11D3-BF4B-00C04F79EFBC}") = "MonoCross Application", "MonoCross.Application\MonoCross Application.csproj", "{FF99DCBA-27C0-44B3-8182-B797BF7F5B04}"
EndProject
Project("{FAE04EC0-301F-11D3-BF4B-00C04F79EFBC}") = "MonoCross Console Container", "MonoCross.Console.Container\MonoCross Console Container.csproj", "{949DD877-568A-4006-843D-04AB375463B4}"
EndProject
Project("{FAE04EC0-301F-11D3-BF4B-00C04F79EFBC}") = "MonoCross Webkit Container", "MonoCross.Webkit.Container\MonoCross Webkit Container.csproj", "{7A0C2DF8-ED92-4395-A5DD-C5DF8407D049}"
EndProject
Project("{FAE04EC0-301F-11D3-BF4B-00C04F79EFBC}") = "MonoCross Android Application", "MonoCross.Android.Application\MonoCross Android Application.csproj", "{4774C6DB-7419-4768-8BBC-2A9AA6B0F3DD}"
EndProject
Project("{FAE04EC0-301F-11D3-BF4B-00C04F79EFBC}") = "MonoCross Android Container", "MonoCross.Android.Container\MonoCross Android Container.csproj", "{DEA9870F-BE56-4C68-89F3-B2DCCAEABF6F}"
EndProject
Project("{FAE04EC0-301F-11D3-BF4B-00C04F79EFBC}") = "Webkit.Dialog", "..\Webkit.Dialog\Webkit.Dialog.csproj", "{6AABF146-0ADE-45CF-AF2C-AB11456A82BF}"
EndProject
Project("{FAE04EC0-301F-11D3-BF4B-00C04F79EFBC}") = "Android.Dialog", "..\Android.Dialog\Android.Dialog.csproj", "{33044C7B-47A4-4113-A61A-EB429407F818}"
EndProject
Project("{FAE04EC0-301F-11D3-BF4B-00C04F79EFBC}") = "MonoCross Templates", "MonoCross.Templates\MonoCross Templates.csproj", "{7732C29F-868D-4FA2-AD7B-7088E49F0275}"
EndProject
Global
	GlobalSection(SolutionConfigurationPlatforms) = preSolution
		Debug|Any CPU = Debug|Any CPU
		Debug|Mixed Platforms = Debug|Mixed Platforms
		Debug|x86 = Debug|x86
		Release|Any CPU = Release|Any CPU
		Release|Mixed Platforms = Release|Mixed Platforms
		Release|x86 = Release|x86
	EndGlobalSection
	GlobalSection(ProjectConfigurationPlatforms) = postSolution
		{A658FEA2-1B62-4A50-A1C5-0A6ADE4655D3}.Debug|Any CPU.ActiveCfg = Debug|Any CPU
		{A658FEA2-1B62-4A50-A1C5-0A6ADE4655D3}.Debug|Any CPU.Build.0 = Debug|Any CPU
		{A658FEA2-1B62-4A50-A1C5-0A6ADE4655D3}.Debug|Mixed Platforms.ActiveCfg = Debug|Any CPU
		{A658FEA2-1B62-4A50-A1C5-0A6ADE4655D3}.Debug|Mixed Platforms.Build.0 = Debug|Any CPU
		{A658FEA2-1B62-4A50-A1C5-0A6ADE4655D3}.Debug|x86.ActiveCfg = Debug|Any CPU
		{A658FEA2-1B62-4A50-A1C5-0A6ADE4655D3}.Release|Any CPU.ActiveCfg = Release|Any CPU
		{A658FEA2-1B62-4A50-A1C5-0A6ADE4655D3}.Release|Any CPU.Build.0 = Release|Any CPU
		{A658FEA2-1B62-4A50-A1C5-0A6ADE4655D3}.Release|Mixed Platforms.ActiveCfg = Release|Any CPU
		{A658FEA2-1B62-4A50-A1C5-0A6ADE4655D3}.Release|Mixed Platforms.Build.0 = Release|Any CPU
		{A658FEA2-1B62-4A50-A1C5-0A6ADE4655D3}.Release|x86.ActiveCfg = Release|Any CPU
		{B8448676-C9FE-42A3-A30B-F2FFA096E7D9}.Debug|Any CPU.ActiveCfg = Debug|Any CPU
		{B8448676-C9FE-42A3-A30B-F2FFA096E7D9}.Debug|Any CPU.Build.0 = Debug|Any CPU
		{B8448676-C9FE-42A3-A30B-F2FFA096E7D9}.Debug|Mixed Platforms.ActiveCfg = Debug|Any CPU
		{B8448676-C9FE-42A3-A30B-F2FFA096E7D9}.Debug|Mixed Platforms.Build.0 = Debug|Any CPU
		{B8448676-C9FE-42A3-A30B-F2FFA096E7D9}.Debug|x86.ActiveCfg = Debug|Any CPU
		{B8448676-C9FE-42A3-A30B-F2FFA096E7D9}.Release|Any CPU.ActiveCfg = Release|Any CPU
		{B8448676-C9FE-42A3-A30B-F2FFA096E7D9}.Release|Any CPU.Build.0 = Release|Any CPU
		{B8448676-C9FE-42A3-A30B-F2FFA096E7D9}.Release|Mixed Platforms.ActiveCfg = Release|Any CPU
		{B8448676-C9FE-42A3-A30B-F2FFA096E7D9}.Release|Mixed Platforms.Build.0 = Release|Any CPU
		{B8448676-C9FE-42A3-A30B-F2FFA096E7D9}.Release|x86.ActiveCfg = Release|Any CPU
		{4618CCFC-5895-4C44-AD25-8BF312A96B86}.Debug|Any CPU.ActiveCfg = Debug|Any CPU
		{4618CCFC-5895-4C44-AD25-8BF312A96B86}.Debug|Any CPU.Build.0 = Debug|Any CPU
		{4618CCFC-5895-4C44-AD25-8BF312A96B86}.Debug|Mixed Platforms.ActiveCfg = Debug|Any CPU
		{4618CCFC-5895-4C44-AD25-8BF312A96B86}.Debug|Mixed Platforms.Build.0 = Debug|Any CPU
		{4618CCFC-5895-4C44-AD25-8BF312A96B86}.Debug|x86.ActiveCfg = Debug|Any CPU
		{4618CCFC-5895-4C44-AD25-8BF312A96B86}.Release|Any CPU.ActiveCfg = Release|Any CPU
		{4618CCFC-5895-4C44-AD25-8BF312A96B86}.Release|Any CPU.Build.0 = Release|Any CPU
		{4618CCFC-5895-4C44-AD25-8BF312A96B86}.Release|Mixed Platforms.ActiveCfg = Release|Any CPU
		{4618CCFC-5895-4C44-AD25-8BF312A96B86}.Release|Mixed Platforms.Build.0 = Release|Any CPU
		{4618CCFC-5895-4C44-AD25-8BF312A96B86}.Release|x86.ActiveCfg = Release|Any CPU
		{0D2CC54A-4716-40B9-8110-453F528810FC}.Debug|Any CPU.ActiveCfg = Debug|Any CPU
		{0D2CC54A-4716-40B9-8110-453F528810FC}.Debug|Any CPU.Build.0 = Debug|Any CPU
		{0D2CC54A-4716-40B9-8110-453F528810FC}.Debug|Mixed Platforms.ActiveCfg = Debug|Any CPU
		{0D2CC54A-4716-40B9-8110-453F528810FC}.Debug|Mixed Platforms.Build.0 = Debug|Any CPU
		{0D2CC54A-4716-40B9-8110-453F528810FC}.Debug|x86.ActiveCfg = Debug|Any CPU
		{0D2CC54A-4716-40B9-8110-453F528810FC}.Release|Any CPU.ActiveCfg = Release|Any CPU
		{0D2CC54A-4716-40B9-8110-453F528810FC}.Release|Any CPU.Build.0 = Release|Any CPU
		{0D2CC54A-4716-40B9-8110-453F528810FC}.Release|Mixed Platforms.ActiveCfg = Release|Any CPU
		{0D2CC54A-4716-40B9-8110-453F528810FC}.Release|Mixed Platforms.Build.0 = Release|Any CPU
		{0D2CC54A-4716-40B9-8110-453F528810FC}.Release|x86.ActiveCfg = Release|Any CPU
		{0BB5AA0C-0D8D-45AD-9775-ACF7DA3942BD}.Debug|Any CPU.ActiveCfg = Debug|Any CPU
		{0BB5AA0C-0D8D-45AD-9775-ACF7DA3942BD}.Debug|Any CPU.Build.0 = Debug|Any CPU
		{0BB5AA0C-0D8D-45AD-9775-ACF7DA3942BD}.Debug|Mixed Platforms.ActiveCfg = Debug|Any CPU
		{0BB5AA0C-0D8D-45AD-9775-ACF7DA3942BD}.Debug|Mixed Platforms.Build.0 = Debug|Any CPU
		{0BB5AA0C-0D8D-45AD-9775-ACF7DA3942BD}.Debug|x86.ActiveCfg = Debug|Any CPU
		{0BB5AA0C-0D8D-45AD-9775-ACF7DA3942BD}.Release|Any CPU.ActiveCfg = Release|Any CPU
		{0BB5AA0C-0D8D-45AD-9775-ACF7DA3942BD}.Release|Any CPU.Build.0 = Release|Any CPU
		{0BB5AA0C-0D8D-45AD-9775-ACF7DA3942BD}.Release|Mixed Platforms.ActiveCfg = Release|Any CPU
		{0BB5AA0C-0D8D-45AD-9775-ACF7DA3942BD}.Release|Mixed Platforms.Build.0 = Release|Any CPU
		{0BB5AA0C-0D8D-45AD-9775-ACF7DA3942BD}.Release|x86.ActiveCfg = Release|Any CPU
		{FF99DCBA-27C0-44B3-8182-B797BF7F5B04}.Debug|Any CPU.ActiveCfg = Debug|Any CPU
		{FF99DCBA-27C0-44B3-8182-B797BF7F5B04}.Debug|Any CPU.Build.0 = Debug|Any CPU
		{FF99DCBA-27C0-44B3-8182-B797BF7F5B04}.Debug|Mixed Platforms.ActiveCfg = Debug|Any CPU
		{FF99DCBA-27C0-44B3-8182-B797BF7F5B04}.Debug|Mixed Platforms.Build.0 = Debug|Any CPU
		{FF99DCBA-27C0-44B3-8182-B797BF7F5B04}.Debug|x86.ActiveCfg = Debug|Any CPU
		{FF99DCBA-27C0-44B3-8182-B797BF7F5B04}.Release|Any CPU.ActiveCfg = Release|Any CPU
		{FF99DCBA-27C0-44B3-8182-B797BF7F5B04}.Release|Any CPU.Build.0 = Release|Any CPU
		{FF99DCBA-27C0-44B3-8182-B797BF7F5B04}.Release|Mixed Platforms.ActiveCfg = Release|Any CPU
		{FF99DCBA-27C0-44B3-8182-B797BF7F5B04}.Release|Mixed Platforms.Build.0 = Release|Any CPU
		{FF99DCBA-27C0-44B3-8182-B797BF7F5B04}.Release|x86.ActiveCfg = Release|Any CPU
		{949DD877-568A-4006-843D-04AB375463B4}.Debug|Any CPU.ActiveCfg = Debug|x86
		{949DD877-568A-4006-843D-04AB375463B4}.Debug|Mixed Platforms.ActiveCfg = Debug|x86
		{949DD877-568A-4006-843D-04AB375463B4}.Debug|Mixed Platforms.Build.0 = Debug|x86
		{949DD877-568A-4006-843D-04AB375463B4}.Debug|x86.ActiveCfg = Debug|x86
		{949DD877-568A-4006-843D-04AB375463B4}.Debug|x86.Build.0 = Debug|x86
		{949DD877-568A-4006-843D-04AB375463B4}.Release|Any CPU.ActiveCfg = Release|x86
		{949DD877-568A-4006-843D-04AB375463B4}.Release|Mixed Platforms.ActiveCfg = Release|x86
		{949DD877-568A-4006-843D-04AB375463B4}.Release|Mixed Platforms.Build.0 = Release|x86
		{949DD877-568A-4006-843D-04AB375463B4}.Release|x86.ActiveCfg = Release|x86
		{949DD877-568A-4006-843D-04AB375463B4}.Release|x86.Build.0 = Release|x86
		{7A0C2DF8-ED92-4395-A5DD-C5DF8407D049}.Debug|Any CPU.ActiveCfg = Debug|Any CPU
		{7A0C2DF8-ED92-4395-A5DD-C5DF8407D049}.Debug|Any CPU.Build.0 = Debug|Any CPU
		{7A0C2DF8-ED92-4395-A5DD-C5DF8407D049}.Debug|Mixed Platforms.ActiveCfg = Debug|Any CPU
		{7A0C2DF8-ED92-4395-A5DD-C5DF8407D049}.Debug|Mixed Platforms.Build.0 = Debug|Any CPU
		{7A0C2DF8-ED92-4395-A5DD-C5DF8407D049}.Debug|x86.ActiveCfg = Debug|Any CPU
		{7A0C2DF8-ED92-4395-A5DD-C5DF8407D049}.Release|Any CPU.ActiveCfg = Release|Any CPU
		{7A0C2DF8-ED92-4395-A5DD-C5DF8407D049}.Release|Any CPU.Build.0 = Release|Any CPU
		{7A0C2DF8-ED92-4395-A5DD-C5DF8407D049}.Release|Mixed Platforms.ActiveCfg = Release|Any CPU
		{7A0C2DF8-ED92-4395-A5DD-C5DF8407D049}.Release|Mixed Platforms.Build.0 = Release|Any CPU
		{7A0C2DF8-ED92-4395-A5DD-C5DF8407D049}.Release|x86.ActiveCfg = Release|Any CPU
		{4774C6DB-7419-4768-8BBC-2A9AA6B0F3DD}.Debug|Any CPU.ActiveCfg = Debug|Any CPU
		{4774C6DB-7419-4768-8BBC-2A9AA6B0F3DD}.Debug|Any CPU.Build.0 = Debug|Any CPU
		{4774C6DB-7419-4768-8BBC-2A9AA6B0F3DD}.Debug|Mixed Platforms.ActiveCfg = Debug|Any CPU
		{4774C6DB-7419-4768-8BBC-2A9AA6B0F3DD}.Debug|Mixed Platforms.Build.0 = Debug|Any CPU
		{4774C6DB-7419-4768-8BBC-2A9AA6B0F3DD}.Debug|x86.ActiveCfg = Debug|Any CPU
		{4774C6DB-7419-4768-8BBC-2A9AA6B0F3DD}.Release|Any CPU.ActiveCfg = Release|Any CPU
		{4774C6DB-7419-4768-8BBC-2A9AA6B0F3DD}.Release|Any CPU.Build.0 = Release|Any CPU
		{4774C6DB-7419-4768-8BBC-2A9AA6B0F3DD}.Release|Mixed Platforms.ActiveCfg = Release|Any CPU
		{4774C6DB-7419-4768-8BBC-2A9AA6B0F3DD}.Release|Mixed Platforms.Build.0 = Release|Any CPU
		{4774C6DB-7419-4768-8BBC-2A9AA6B0F3DD}.Release|x86.ActiveCfg = Release|Any CPU
		{DEA9870F-BE56-4C68-89F3-B2DCCAEABF6F}.Debug|Any CPU.ActiveCfg = Debug|Any CPU
		{DEA9870F-BE56-4C68-89F3-B2DCCAEABF6F}.Debug|Any CPU.Build.0 = Debug|Any CPU
		{DEA9870F-BE56-4C68-89F3-B2DCCAEABF6F}.Debug|Any CPU.Deploy.0 = Debug|Any CPU
		{DEA9870F-BE56-4C68-89F3-B2DCCAEABF6F}.Debug|Mixed Platforms.ActiveCfg = Debug|Any CPU
		{DEA9870F-BE56-4C68-89F3-B2DCCAEABF6F}.Debug|Mixed Platforms.Build.0 = Debug|Any CPU
		{DEA9870F-BE56-4C68-89F3-B2DCCAEABF6F}.Debug|Mixed Platforms.Deploy.0 = Debug|Any CPU
		{DEA9870F-BE56-4C68-89F3-B2DCCAEABF6F}.Debug|x86.ActiveCfg = Debug|Any CPU
		{DEA9870F-BE56-4C68-89F3-B2DCCAEABF6F}.Release|Any CPU.ActiveCfg = Release|Any CPU
		{DEA9870F-BE56-4C68-89F3-B2DCCAEABF6F}.Release|Any CPU.Build.0 = Release|Any CPU
		{DEA9870F-BE56-4C68-89F3-B2DCCAEABF6F}.Release|Any CPU.Deploy.0 = Release|Any CPU
		{DEA9870F-BE56-4C68-89F3-B2DCCAEABF6F}.Release|Mixed Platforms.ActiveCfg = Release|Any CPU
		{DEA9870F-BE56-4C68-89F3-B2DCCAEABF6F}.Release|Mixed Platforms.Build.0 = Release|Any CPU
		{DEA9870F-BE56-4C68-89F3-B2DCCAEABF6F}.Release|Mixed Platforms.Deploy.0 = Release|Any CPU
		{DEA9870F-BE56-4C68-89F3-B2DCCAEABF6F}.Release|x86.ActiveCfg = Release|Any CPU
		{6AABF146-0ADE-45CF-AF2C-AB11456A82BF}.Debug|Any CPU.ActiveCfg = Debug|Any CPU
		{6AABF146-0ADE-45CF-AF2C-AB11456A82BF}.Debug|Any CPU.Build.0 = Debug|Any CPU
		{6AABF146-0ADE-45CF-AF2C-AB11456A82BF}.Debug|Mixed Platforms.ActiveCfg = Debug|Any CPU
		{6AABF146-0ADE-45CF-AF2C-AB11456A82BF}.Debug|Mixed Platforms.Build.0 = Debug|Any CPU
		{6AABF146-0ADE-45CF-AF2C-AB11456A82BF}.Debug|x86.ActiveCfg = Debug|Any CPU
		{6AABF146-0ADE-45CF-AF2C-AB11456A82BF}.Release|Any CPU.ActiveCfg = Release|Any CPU
		{6AABF146-0ADE-45CF-AF2C-AB11456A82BF}.Release|Any CPU.Build.0 = Release|Any CPU
		{6AABF146-0ADE-45CF-AF2C-AB11456A82BF}.Release|Mixed Platforms.ActiveCfg = Release|Any CPU
		{6AABF146-0ADE-45CF-AF2C-AB11456A82BF}.Release|Mixed Platforms.Build.0 = Release|Any CPU
		{6AABF146-0ADE-45CF-AF2C-AB11456A82BF}.Release|x86.ActiveCfg = Release|Any CPU
		{33044C7B-47A4-4113-A61A-EB429407F818}.Debug|Any CPU.ActiveCfg = Debug|Any CPU
		{33044C7B-47A4-4113-A61A-EB429407F818}.Debug|Any CPU.Build.0 = Debug|Any CPU
		{33044C7B-47A4-4113-A61A-EB429407F818}.Debug|Mixed Platforms.ActiveCfg = Debug|Any CPU
		{33044C7B-47A4-4113-A61A-EB429407F818}.Debug|Mixed Platforms.Build.0 = Debug|Any CPU
		{33044C7B-47A4-4113-A61A-EB429407F818}.Debug|x86.ActiveCfg = Debug|Any CPU
		{33044C7B-47A4-4113-A61A-EB429407F818}.Release|Any CPU.ActiveCfg = Release|Any CPU
		{33044C7B-47A4-4113-A61A-EB429407F818}.Release|Any CPU.Build.0 = Release|Any CPU
		{33044C7B-47A4-4113-A61A-EB429407F818}.Release|Mixed Platforms.ActiveCfg = Release|Any CPU
		{33044C7B-47A4-4113-A61A-EB429407F818}.Release|Mixed Platforms.Build.0 = Release|Any CPU
		{33044C7B-47A4-4113-A61A-EB429407F818}.Release|x86.ActiveCfg = Release|Any CPU
		{7732C29F-868D-4FA2-AD7B-7088E49F0275}.Debug|Any CPU.ActiveCfg = Debug|Any CPU
		{7732C29F-868D-4FA2-AD7B-7088E49F0275}.Debug|Any CPU.Build.0 = Debug|Any CPU
		{7732C29F-868D-4FA2-AD7B-7088E49F0275}.Debug|Mixed Platforms.ActiveCfg = Debug|Any CPU
		{7732C29F-868D-4FA2-AD7B-7088E49F0275}.Debug|Mixed Platforms.Build.0 = Debug|Any CPU
		{7732C29F-868D-4FA2-AD7B-7088E49F0275}.Debug|x86.ActiveCfg = Debug|Any CPU
		{7732C29F-868D-4FA2-AD7B-7088E49F0275}.Release|Any CPU.ActiveCfg = Release|Any CPU
		{7732C29F-868D-4FA2-AD7B-7088E49F0275}.Release|Any CPU.Build.0 = Release|Any CPU
		{7732C29F-868D-4FA2-AD7B-7088E49F0275}.Release|Mixed Platforms.ActiveCfg = Release|Any CPU
		{7732C29F-868D-4FA2-AD7B-7088E49F0275}.Release|Mixed Platforms.Build.0 = Release|Any CPU
		{7732C29F-868D-4FA2-AD7B-7088E49F0275}.Release|x86.ActiveCfg = Release|Any CPU
	EndGlobalSection
	GlobalSection(SolutionProperties) = preSolution
		HideSolutionNode = FALSE
	EndGlobalSection
	GlobalSection(NestedProjects) = preSolution
		{A658FEA2-1B62-4A50-A1C5-0A6ADE4655D3} = {9A76B70D-3E2C-46F3-968F-01436AE10B6F}
		{B8448676-C9FE-42A3-A30B-F2FFA096E7D9} = {9A76B70D-3E2C-46F3-968F-01436AE10B6F}
		{4618CCFC-5895-4C44-AD25-8BF312A96B86} = {9A76B70D-3E2C-46F3-968F-01436AE10B6F}
		{0D2CC54A-4716-40B9-8110-453F528810FC} = {9A76B70D-3E2C-46F3-968F-01436AE10B6F}
		{0BB5AA0C-0D8D-45AD-9775-ACF7DA3942BD} = {9A76B70D-3E2C-46F3-968F-01436AE10B6F}
		{6AABF146-0ADE-45CF-AF2C-AB11456A82BF} = {9A76B70D-3E2C-46F3-968F-01436AE10B6F}
		{33044C7B-47A4-4113-A61A-EB429407F818} = {9A76B70D-3E2C-46F3-968F-01436AE10B6F}
		{FF99DCBA-27C0-44B3-8182-B797BF7F5B04} = {03B48B9B-9706-4072-9183-E267452DCC31}
		{949DD877-568A-4006-843D-04AB375463B4} = {03B48B9B-9706-4072-9183-E267452DCC31}
		{7A0C2DF8-ED92-4395-A5DD-C5DF8407D049} = {03B48B9B-9706-4072-9183-E267452DCC31}
		{4774C6DB-7419-4768-8BBC-2A9AA6B0F3DD} = {03B48B9B-9706-4072-9183-E267452DCC31}
		{DEA9870F-BE56-4C68-89F3-B2DCCAEABF6F} = {03B48B9B-9706-4072-9183-E267452DCC31}
	EndGlobalSection
EndGlobal
